
Microsoft Visual Studio Solution File, Format Version 12.00
# Visual Studio 15
VisualStudioVersion = 15.0.27703.2035
MinimumVisualStudioVersion = 10.0.40219.1
Project("{8BC9CEB8-8B4A-11D0-8D11-00A0C91BC942}") = "BAEK_2606", "BAEK_2606\BAEK_2606.vcxproj", "{029B8F04-A6D7-4507-9A31-1845230CEAB8}"
EndProject
Project("{8BC9CEB8-8B4A-11D0-8D11-00A0C91BC942}") = "BAEK_2667", "BAEK_2667\BAEK_2667.vcxproj", "{7D426380-003F-47FB-A959-174B85A89FFA}"
EndProject
Project("{8BC9CEB8-8B4A-11D0-8D11-00A0C91BC942}") = "BAEK_10216", "BAEK_10216\BAEK_10216.vcxproj", "{77A7AE46-512E-4F04-AAA7-922F14D388BA}"
EndProject
Project("{8BC9CEB8-8B4A-11D0-8D11-00A0C91BC942}") = "BAEK_1890", "BAEK_1890\BAEK_1890.vcxproj", "{47001BED-D891-4477-85E8-E338456EFD09}"
EndProject
Project("{8BC9CEB8-8B4A-11D0-8D11-00A0C91BC942}") = "BAEK_1325", "BAEK_1325\BAEK_1325.vcxproj", "{7DD28C26-A8AB-4F0C-AA6A-085942C3D56B}"
EndProject
Project("{8BC9CEB8-8B4A-11D0-8D11-00A0C91BC942}") = "BAEK_10451", "BAEK_10451\BAEK_10451.vcxproj", "{B3E9DAD7-2A89-4068-9E76-A1698B691E8B}"
EndProject
Project("{8BC9CEB8-8B4A-11D0-8D11-00A0C91BC942}") = "BAEK_1516", "BAEK_1516\BAEK_1516.vcxproj", "{C4DAA2B0-4A9E-4C6C-A4AA-5268F5FBBCEF}"
EndProject
Project("{8BC9CEB8-8B4A-11D0-8D11-00A0C91BC942}") = "tmo_practice", "tmo_practice\tmo_practice.vcxproj", "{6E98EA7C-ECA3-4A01-A08E-A00FB559D400}"
EndProject
Project("{8BC9CEB8-8B4A-11D0-8D11-00A0C91BC942}") = "BAEK_1504", "BAEK_1504\BAEK_1504.vcxproj", "{FE4EDB1E-34F4-46A4-B2FF-2E2FCA0596CC}"
EndProject
Project("{8BC9CEB8-8B4A-11D0-8D11-00A0C91BC942}") = "BAEK_11657", "BAEK_11657\BAEK_11657.vcxproj", "{3B30F008-0EA2-47BB-8379-C6202BF3490A}"
EndProject
Project("{8BC9CEB8-8B4A-11D0-8D11-00A0C91BC942}") = "BAEK_1463", "BAEK_1463\BAEK_1463.vcxproj", "{6043B98F-EB5B-469B-B7B0-F54F1A126BDA}"
EndProject
Project("{8BC9CEB8-8B4A-11D0-8D11-00A0C91BC942}") = "p215_low_jumpgame", "solving_strategy\p215_low_jumpgame\p215_low_jumpgame.vcxproj", "{125B3C6B-E4E7-41C7-B4A1-B1AEEF4E5346}"
EndProject
Project("{8BC9CEB8-8B4A-11D0-8D11-00A0C91BC942}") = "p218_inter_wildcard", "solving_strategy\p218_inter_wildcard\p218_inter_wildcard.vcxproj", "{15906D92-FF5E-49F5-ABCA-3CDB40534EBE}"
EndProject
Project("{8BC9CEB8-8B4A-11D0-8D11-00A0C91BC942}") = "BAEK_3613", "BAEK_3613\BAEK_3613.vcxproj", "{0DAFD567-FDC3-4607-B5C4-21B62E8538E4}"
EndProject
Project("{8BC9CEB8-8B4A-11D0-8D11-00A0C91BC942}") = "BAEK_9095", "BAEK_9095\BAEK_9095.vcxproj", "{BACFA61E-3DC5-4579-B747-F6A60A955B6A}"
EndProject
Project("{8BC9CEB8-8B4A-11D0-8D11-00A0C91BC942}") = "BAEK_3055", "BAEK_3055\BAEK_3055.vcxproj", "{15C834A5-17F5-4F5A-9C43-8BE918B48FD2}"
EndProject
Project("{8BC9CEB8-8B4A-11D0-8D11-00A0C91BC942}") = "BAEK_3190", "BAEK_3190\BAEK_3190.vcxproj", "{362B86D7-0B3C-45A1-9A98-65ABE1B54730}"
EndProject
Project("{8BC9CEB8-8B4A-11D0-8D11-00A0C91BC942}") = "BAEK_2217", "BAEK_2217\BAEK_2217.vcxproj", "{C6BAB36D-4449-411F-A0E9-FDA89DCFFD5D}"
EndProject
Project("{8BC9CEB8-8B4A-11D0-8D11-00A0C91BC942}") = "BAEK_3943", "BAEK_3943\BAEK_3943.vcxproj", "{8DFD2F5E-9E43-4915-952B-35436049D046}"
EndProject
Project("{8BC9CEB8-8B4A-11D0-8D11-00A0C91BC942}") = "BAEK_4716", "BAEK_4716\BAEK_4716.vcxproj", "{6098C799-C260-4FD4-B283-C49C72E984E5}"
EndProject
Project("{8BC9CEB8-8B4A-11D0-8D11-00A0C91BC942}") = "BAEK_9935", "BAEK_9935\BAEK_9935.vcxproj", "{A6C49EE7-E8B1-48C9-B5C1-110AE5467F7C}"
EndProject
Project("{8BC9CEB8-8B4A-11D0-8D11-00A0C91BC942}") = "SWEA_5656", "SWEA\SWEA_5656\SWEA_5656.vcxproj", "{27F95495-F6FB-4F83-81E5-8ECC5BEF9D95}"
EndProject
Project("{8BC9CEB8-8B4A-11D0-8D11-00A0C91BC942}") = "UnitTest1", "test\UnitTest1\UnitTest1.vcxproj", "{CA18989C-022A-4125-B998-E2BDE6470D9C}"
EndProject
Project("{8BC9CEB8-8B4A-11D0-8D11-00A0C91BC942}") = "iterator", "design_pattern\iterator\iterator.vcxproj", "{976FDAB8-DEE7-40B7-B374-4203F2ACF5E9}"
EndProject
Project("{8BC9CEB8-8B4A-11D0-8D11-00A0C91BC942}") = "SWEA_5650", "SWEA\SWEA_5650\SWEA_5650.vcxproj", "{A168B9AD-9933-45D4-90A6-07B4BFBD81CD}"
EndProject
Project("{8BC9CEB8-8B4A-11D0-8D11-00A0C91BC942}") = "SWEA_5644", "SWEA\SWEA_5644\SWEA_5644.vcxproj", "{687042E3-BC4A-4BA0-99E2-0B9070DC8436}"
EndProject
Project("{8BC9CEB8-8B4A-11D0-8D11-00A0C91BC942}") = "SWEA_5648", "SWEA\SWEA_5648\SWEA_5648.vcxproj", "{6BBCE149-72EA-4320-A3A2-C797B813B3DA}"
EndProject
Project("{8BC9CEB8-8B4A-11D0-8D11-00A0C91BC942}") = "SWEA_2382", "SWEA\SWEA_2382\SWEA_2382.vcxproj", "{2FCFB3F8-74C8-437B-A307-071CC2F2B1ED}"
EndProject
Project("{8BC9CEB8-8B4A-11D0-8D11-00A0C91BC942}") = "AL_UnionFind", "algorithms\UnionFind\UnionFind.vcxproj", "{7DBCE5A3-275A-4899-883E-EDDFBE36E967}"
EndProject
Project("{8BC9CEB8-8B4A-11D0-8D11-00A0C91BC942}") = "SWEA_4012", "SWEA\SWEA_4012\SWEA_4012.vcxproj", "{07DADC00-2BA5-43BE-A0D7-200CCAB5256A}"
EndProject
Project("{8BC9CEB8-8B4A-11D0-8D11-00A0C91BC942}") = "BAEK_1197", "BAEK\BAEK_1197\BAEK_1197.vcxproj", "{0A99BDE3-AFE4-49D2-8173-39F281BBB37E}"
EndProject
Project("{8BC9CEB8-8B4A-11D0-8D11-00A0C91BC942}") = "SWEA_2115", "SWEA\SWEA_2115\SWEA_2115.vcxproj", "{AEB68A79-0820-46A5-BE93-4737AE825F02}"
EndProject
Project("{8BC9CEB8-8B4A-11D0-8D11-00A0C91BC942}") = "AL_BinarySearch", "algorithms\AL_BinarySearch\AL_BinarySearch.vcxproj", "{DD90210F-F98D-426D-A4E8-F34A8771C1FA}"
EndProject
Project("{8BC9CEB8-8B4A-11D0-8D11-00A0C91BC942}") = "DS_BinaryTree", "data_structure\DS_BinaryTree\DS_BinaryTree.vcxproj", "{44720206-0BE6-4F02-8C52-A7126FB98B90}"
EndProject
Project("{8BC9CEB8-8B4A-11D0-8D11-00A0C91BC942}") = "BAEK_1915", "BAEK\BAEK_1915\BAEK_1915.vcxproj", "{7F656247-5069-4EAA-A465-07139EC8B243}"
EndProject
Project("{8BC9CEB8-8B4A-11D0-8D11-00A0C91BC942}") = "SWEA_1949", "SWEA\SWEA_1949\SWEA_1949.vcxproj", "{27F9290B-955F-4963-A795-2F22120F261A}"
EndProject
Project("{8BC9CEB8-8B4A-11D0-8D11-00A0C91BC942}") = "SWEA_2117", "SWEA\SWEA_2117\SWEA_2117.vcxproj", "{64EE3FB4-F4AD-4BA6-94A5-F34AE192C411}"
EndProject
Project("{8BC9CEB8-8B4A-11D0-8D11-00A0C91BC942}") = "BAEK_1914", "BAEK\BAEK_1914\BAEK_1914.vcxproj", "{8C821D10-A831-4B80-B21D-5D6AB766699D}"
EndProject
Project("{8BC9CEB8-8B4A-11D0-8D11-00A0C91BC942}") = "BAEK_1019", "BAEK\BAEK_1019\BAEK_1019.vcxproj", "{1CA8F94B-9834-4883-BD81-BFBEF23A051F}"
EndProject
Project("{8BC9CEB8-8B4A-11D0-8D11-00A0C91BC942}") = "BAEK_1039", "BAEK\BAEK_1039\BAEK_1039.vcxproj", "{3287E547-D6FC-4EC0-8384-FF572BE49E7F}"
EndProject
Project("{8BC9CEB8-8B4A-11D0-8D11-00A0C91BC942}") = "SWEA_2105", "SWEA\SWEA_2105\SWEA_2105.vcxproj", "{83D9A178-5C4E-4F62-A235-51B17C7BFD68}"
EndProject
Project("{8BC9CEB8-8B4A-11D0-8D11-00A0C91BC942}") = "SWEA_2477", "SWEA\SWEA_2477\SWEA_2477.vcxproj", "{9E21FFC2-31D0-467E-81E7-E30C39212FBF}"
EndProject
Project("{8BC9CEB8-8B4A-11D0-8D11-00A0C91BC942}") = "DS_ObserverPattern", "design_pattern\DS_ObserverPattern\DS_ObserverPattern.vcxproj", "{2B2A4D0B-C203-43E7-95C1-33DB8DA203DD}"
EndProject
Project("{8BC9CEB8-8B4A-11D0-8D11-00A0C91BC942}") = "SWEA_1953", "SWEA\SWEA_1953\SWEA_1953.vcxproj", "{837233AA-A55A-4EAF-A2F6-13812B8C015F}"
EndProject
Project("{8BC9CEB8-8B4A-11D0-8D11-00A0C91BC942}") = "SWEA_5653", "SWEA\SWEA_5653\SWEA_5653.vcxproj", "{A1380CB4-6811-421D-A22F-E32781A51622}"
EndProject
Project("{8BC9CEB8-8B4A-11D0-8D11-00A0C91BC942}") = "SWEA_4014", "SWEA\SWEA_4014\SWEA_4014.vcxproj", "{9EDE357F-A1B9-4CB9-B3FA-EB86C255D4CC}"
EndProject
Project("{8BC9CEB8-8B4A-11D0-8D11-00A0C91BC942}") = "SWEA_1952", "SWEA\SWEA_1952\SWEA_1952.vcxproj", "{99A7EEF2-42DA-4AD4-A6CF-8573F9D4D4A3}"
EndProject
Project("{8BC9CEB8-8B4A-11D0-8D11-00A0C91BC942}") = "SWEA_4008", "SWEA\SWEA_4008\SWEA_4008.vcxproj", "{4495A43B-7DB4-4DE6-B70E-3B0ABA0C3D86}"
EndProject
Project("{8BC9CEB8-8B4A-11D0-8D11-00A0C91BC942}") = "SWEA_2112", "SWEA\SWEA_2112\SWEA_2112.vcxproj", "{53EF0514-EB50-43AC-892C-52AC71239780}"
EndProject
Project("{8BC9CEB8-8B4A-11D0-8D11-00A0C91BC942}") = "SWEA_4013", "SWEA\SWEA_4013\SWEA_4013.vcxproj", "{86F4E673-59CA-40E9-8EF7-A7F552E14D46}"
EndProject
Project("{8BC9CEB8-8B4A-11D0-8D11-00A0C91BC942}") = "SWEA_2383", "SWEA\SWEA_2383\SWEA_2383.vcxproj", "{3674F5ED-F7C8-4A59-8EF9-F8519DEC3EA7}"
EndProject
Project("{8BC9CEB8-8B4A-11D0-8D11-00A0C91BC942}") = "BAEK_13458", "BAEK\BAEK_13458\BAEK_13458.vcxproj", "{D6CCD341-253D-4DC3-A7A0-1D48CD338AFA}"
EndProject
Project("{8BC9CEB8-8B4A-11D0-8D11-00A0C91BC942}") = "BAEK_14499", "BAEK\BAEK_14499\BAEK_14499.vcxproj", "{5E9DBF3D-3C2E-4760-8437-3F473E6B9D0A}"
EndProject
Project("{8BC9CEB8-8B4A-11D0-8D11-00A0C91BC942}") = "BAEK_16236", "BAEK\BAEK_16236\BAEK_16236.vcxproj", "{17AD94D1-E43C-4244-8BEC-C5623C629A3D}"
EndProject
Project("{8BC9CEB8-8B4A-11D0-8D11-00A0C91BC942}") = "BAEK_14500", "BAEK\BAEK_14500\BAEK_14500.vcxproj", "{260D31A9-B083-4B51-B0EF-FE2402B14F05}"
EndProject
Project("{8BC9CEB8-8B4A-11D0-8D11-00A0C91BC942}") = "BAEK_14501", "BAEK\BAEK_14501\BAEK_14501.vcxproj", "{57F7B82C-63CE-47DD-A802-9F7A5F2D473A}"
EndProject
Project("{8BC9CEB8-8B4A-11D0-8D11-00A0C91BC942}") = "BAEK_14502", "BAEK\BAEK_14502\BAEK_14502.vcxproj", "{37BA2D60-6BD2-4F0A-9D2B-5A5ED5C9EB87}"
EndProject
Project("{8BC9CEB8-8B4A-11D0-8D11-00A0C91BC942}") = "BAEK_15685", "BAEK\BAEK_15685\BAEK_15685.vcxproj", "{BF7EB8F0-96C7-4078-A461-6DBD298D3612}"
EndProject
Global
	GlobalSection(SolutionConfigurationPlatforms) = preSolution
		Debug|x64 = Debug|x64
		Debug|x86 = Debug|x86
		Release|x64 = Release|x64
		Release|x86 = Release|x86
	EndGlobalSection
	GlobalSection(ProjectConfigurationPlatforms) = postSolution
		{029B8F04-A6D7-4507-9A31-1845230CEAB8}.Debug|x64.ActiveCfg = Debug|x64
		{029B8F04-A6D7-4507-9A31-1845230CEAB8}.Debug|x64.Build.0 = Debug|x64
		{029B8F04-A6D7-4507-9A31-1845230CEAB8}.Debug|x86.ActiveCfg = Debug|Win32
		{029B8F04-A6D7-4507-9A31-1845230CEAB8}.Debug|x86.Build.0 = Debug|Win32
		{029B8F04-A6D7-4507-9A31-1845230CEAB8}.Release|x64.ActiveCfg = Release|x64
		{029B8F04-A6D7-4507-9A31-1845230CEAB8}.Release|x64.Build.0 = Release|x64
		{029B8F04-A6D7-4507-9A31-1845230CEAB8}.Release|x86.ActiveCfg = Release|Win32
		{029B8F04-A6D7-4507-9A31-1845230CEAB8}.Release|x86.Build.0 = Release|Win32
		{7D426380-003F-47FB-A959-174B85A89FFA}.Debug|x64.ActiveCfg = Debug|x64
		{7D426380-003F-47FB-A959-174B85A89FFA}.Debug|x64.Build.0 = Debug|x64
		{7D426380-003F-47FB-A959-174B85A89FFA}.Debug|x86.ActiveCfg = Debug|Win32
		{7D426380-003F-47FB-A959-174B85A89FFA}.Debug|x86.Build.0 = Debug|Win32
		{7D426380-003F-47FB-A959-174B85A89FFA}.Release|x64.ActiveCfg = Release|x64
		{7D426380-003F-47FB-A959-174B85A89FFA}.Release|x64.Build.0 = Release|x64
		{7D426380-003F-47FB-A959-174B85A89FFA}.Release|x86.ActiveCfg = Release|Win32
		{7D426380-003F-47FB-A959-174B85A89FFA}.Release|x86.Build.0 = Release|Win32
		{77A7AE46-512E-4F04-AAA7-922F14D388BA}.Debug|x64.ActiveCfg = Debug|x64
		{77A7AE46-512E-4F04-AAA7-922F14D388BA}.Debug|x64.Build.0 = Debug|x64
		{77A7AE46-512E-4F04-AAA7-922F14D388BA}.Debug|x86.ActiveCfg = Debug|Win32
		{77A7AE46-512E-4F04-AAA7-922F14D388BA}.Debug|x86.Build.0 = Debug|Win32
		{77A7AE46-512E-4F04-AAA7-922F14D388BA}.Release|x64.ActiveCfg = Release|x64
		{77A7AE46-512E-4F04-AAA7-922F14D388BA}.Release|x64.Build.0 = Release|x64
		{77A7AE46-512E-4F04-AAA7-922F14D388BA}.Release|x86.ActiveCfg = Release|Win32
		{77A7AE46-512E-4F04-AAA7-922F14D388BA}.Release|x86.Build.0 = Release|Win32
		{47001BED-D891-4477-85E8-E338456EFD09}.Debug|x64.ActiveCfg = Debug|x64
		{47001BED-D891-4477-85E8-E338456EFD09}.Debug|x64.Build.0 = Debug|x64
		{47001BED-D891-4477-85E8-E338456EFD09}.Debug|x86.ActiveCfg = Debug|Win32
		{47001BED-D891-4477-85E8-E338456EFD09}.Debug|x86.Build.0 = Debug|Win32
		{47001BED-D891-4477-85E8-E338456EFD09}.Release|x64.ActiveCfg = Release|x64
		{47001BED-D891-4477-85E8-E338456EFD09}.Release|x64.Build.0 = Release|x64
		{47001BED-D891-4477-85E8-E338456EFD09}.Release|x86.ActiveCfg = Release|Win32
		{47001BED-D891-4477-85E8-E338456EFD09}.Release|x86.Build.0 = Release|Win32
		{7DD28C26-A8AB-4F0C-AA6A-085942C3D56B}.Debug|x64.ActiveCfg = Debug|x64
		{7DD28C26-A8AB-4F0C-AA6A-085942C3D56B}.Debug|x64.Build.0 = Debug|x64
		{7DD28C26-A8AB-4F0C-AA6A-085942C3D56B}.Debug|x86.ActiveCfg = Debug|Win32
		{7DD28C26-A8AB-4F0C-AA6A-085942C3D56B}.Debug|x86.Build.0 = Debug|Win32
		{7DD28C26-A8AB-4F0C-AA6A-085942C3D56B}.Release|x64.ActiveCfg = Release|x64
		{7DD28C26-A8AB-4F0C-AA6A-085942C3D56B}.Release|x64.Build.0 = Release|x64
		{7DD28C26-A8AB-4F0C-AA6A-085942C3D56B}.Release|x86.ActiveCfg = Release|Win32
		{7DD28C26-A8AB-4F0C-AA6A-085942C3D56B}.Release|x86.Build.0 = Release|Win32
		{B3E9DAD7-2A89-4068-9E76-A1698B691E8B}.Debug|x64.ActiveCfg = Debug|x64
		{B3E9DAD7-2A89-4068-9E76-A1698B691E8B}.Debug|x64.Build.0 = Debug|x64
		{B3E9DAD7-2A89-4068-9E76-A1698B691E8B}.Debug|x86.ActiveCfg = Debug|Win32
		{B3E9DAD7-2A89-4068-9E76-A1698B691E8B}.Debug|x86.Build.0 = Debug|Win32
		{B3E9DAD7-2A89-4068-9E76-A1698B691E8B}.Release|x64.ActiveCfg = Release|x64
		{B3E9DAD7-2A89-4068-9E76-A1698B691E8B}.Release|x64.Build.0 = Release|x64
		{B3E9DAD7-2A89-4068-9E76-A1698B691E8B}.Release|x86.ActiveCfg = Release|Win32
		{B3E9DAD7-2A89-4068-9E76-A1698B691E8B}.Release|x86.Build.0 = Release|Win32
		{C4DAA2B0-4A9E-4C6C-A4AA-5268F5FBBCEF}.Debug|x64.ActiveCfg = Debug|x64
		{C4DAA2B0-4A9E-4C6C-A4AA-5268F5FBBCEF}.Debug|x64.Build.0 = Debug|x64
		{C4DAA2B0-4A9E-4C6C-A4AA-5268F5FBBCEF}.Debug|x86.ActiveCfg = Debug|Win32
		{C4DAA2B0-4A9E-4C6C-A4AA-5268F5FBBCEF}.Debug|x86.Build.0 = Debug|Win32
		{C4DAA2B0-4A9E-4C6C-A4AA-5268F5FBBCEF}.Release|x64.ActiveCfg = Release|x64
		{C4DAA2B0-4A9E-4C6C-A4AA-5268F5FBBCEF}.Release|x64.Build.0 = Release|x64
		{C4DAA2B0-4A9E-4C6C-A4AA-5268F5FBBCEF}.Release|x86.ActiveCfg = Release|Win32
		{C4DAA2B0-4A9E-4C6C-A4AA-5268F5FBBCEF}.Release|x86.Build.0 = Release|Win32
		{6E98EA7C-ECA3-4A01-A08E-A00FB559D400}.Debug|x64.ActiveCfg = Debug|x64
		{6E98EA7C-ECA3-4A01-A08E-A00FB559D400}.Debug|x64.Build.0 = Debug|x64
		{6E98EA7C-ECA3-4A01-A08E-A00FB559D400}.Debug|x86.ActiveCfg = Debug|Win32
		{6E98EA7C-ECA3-4A01-A08E-A00FB559D400}.Debug|x86.Build.0 = Debug|Win32
		{6E98EA7C-ECA3-4A01-A08E-A00FB559D400}.Release|x64.ActiveCfg = Release|x64
		{6E98EA7C-ECA3-4A01-A08E-A00FB559D400}.Release|x64.Build.0 = Release|x64
		{6E98EA7C-ECA3-4A01-A08E-A00FB559D400}.Release|x86.ActiveCfg = Release|Win32
		{6E98EA7C-ECA3-4A01-A08E-A00FB559D400}.Release|x86.Build.0 = Release|Win32
		{FE4EDB1E-34F4-46A4-B2FF-2E2FCA0596CC}.Debug|x64.ActiveCfg = Debug|x64
		{FE4EDB1E-34F4-46A4-B2FF-2E2FCA0596CC}.Debug|x64.Build.0 = Debug|x64
		{FE4EDB1E-34F4-46A4-B2FF-2E2FCA0596CC}.Debug|x86.ActiveCfg = Debug|Win32
		{FE4EDB1E-34F4-46A4-B2FF-2E2FCA0596CC}.Debug|x86.Build.0 = Debug|Win32
		{FE4EDB1E-34F4-46A4-B2FF-2E2FCA0596CC}.Release|x64.ActiveCfg = Release|x64
		{FE4EDB1E-34F4-46A4-B2FF-2E2FCA0596CC}.Release|x64.Build.0 = Release|x64
		{FE4EDB1E-34F4-46A4-B2FF-2E2FCA0596CC}.Release|x86.ActiveCfg = Release|Win32
		{FE4EDB1E-34F4-46A4-B2FF-2E2FCA0596CC}.Release|x86.Build.0 = Release|Win32
		{3B30F008-0EA2-47BB-8379-C6202BF3490A}.Debug|x64.ActiveCfg = Debug|x64
		{3B30F008-0EA2-47BB-8379-C6202BF3490A}.Debug|x64.Build.0 = Debug|x64
		{3B30F008-0EA2-47BB-8379-C6202BF3490A}.Debug|x86.ActiveCfg = Debug|Win32
		{3B30F008-0EA2-47BB-8379-C6202BF3490A}.Debug|x86.Build.0 = Debug|Win32
		{3B30F008-0EA2-47BB-8379-C6202BF3490A}.Release|x64.ActiveCfg = Release|x64
		{3B30F008-0EA2-47BB-8379-C6202BF3490A}.Release|x64.Build.0 = Release|x64
		{3B30F008-0EA2-47BB-8379-C6202BF3490A}.Release|x86.ActiveCfg = Release|Win32
		{3B30F008-0EA2-47BB-8379-C6202BF3490A}.Release|x86.Build.0 = Release|Win32
		{6043B98F-EB5B-469B-B7B0-F54F1A126BDA}.Debug|x64.ActiveCfg = Debug|x64
		{6043B98F-EB5B-469B-B7B0-F54F1A126BDA}.Debug|x64.Build.0 = Debug|x64
		{6043B98F-EB5B-469B-B7B0-F54F1A126BDA}.Debug|x86.ActiveCfg = Debug|Win32
		{6043B98F-EB5B-469B-B7B0-F54F1A126BDA}.Debug|x86.Build.0 = Debug|Win32
		{6043B98F-EB5B-469B-B7B0-F54F1A126BDA}.Release|x64.ActiveCfg = Release|x64
		{6043B98F-EB5B-469B-B7B0-F54F1A126BDA}.Release|x64.Build.0 = Release|x64
		{6043B98F-EB5B-469B-B7B0-F54F1A126BDA}.Release|x86.ActiveCfg = Release|Win32
		{6043B98F-EB5B-469B-B7B0-F54F1A126BDA}.Release|x86.Build.0 = Release|Win32
		{125B3C6B-E4E7-41C7-B4A1-B1AEEF4E5346}.Debug|x64.ActiveCfg = Debug|x64
		{125B3C6B-E4E7-41C7-B4A1-B1AEEF4E5346}.Debug|x64.Build.0 = Debug|x64
		{125B3C6B-E4E7-41C7-B4A1-B1AEEF4E5346}.Debug|x86.ActiveCfg = Debug|Win32
		{125B3C6B-E4E7-41C7-B4A1-B1AEEF4E5346}.Debug|x86.Build.0 = Debug|Win32
		{125B3C6B-E4E7-41C7-B4A1-B1AEEF4E5346}.Release|x64.ActiveCfg = Release|x64
		{125B3C6B-E4E7-41C7-B4A1-B1AEEF4E5346}.Release|x64.Build.0 = Release|x64
		{125B3C6B-E4E7-41C7-B4A1-B1AEEF4E5346}.Release|x86.ActiveCfg = Release|Win32
		{125B3C6B-E4E7-41C7-B4A1-B1AEEF4E5346}.Release|x86.Build.0 = Release|Win32
		{15906D92-FF5E-49F5-ABCA-3CDB40534EBE}.Debug|x64.ActiveCfg = Debug|x64
		{15906D92-FF5E-49F5-ABCA-3CDB40534EBE}.Debug|x64.Build.0 = Debug|x64
		{15906D92-FF5E-49F5-ABCA-3CDB40534EBE}.Debug|x86.ActiveCfg = Debug|Win32
		{15906D92-FF5E-49F5-ABCA-3CDB40534EBE}.Debug|x86.Build.0 = Debug|Win32
		{15906D92-FF5E-49F5-ABCA-3CDB40534EBE}.Release|x64.ActiveCfg = Release|x64
		{15906D92-FF5E-49F5-ABCA-3CDB40534EBE}.Release|x64.Build.0 = Release|x64
		{15906D92-FF5E-49F5-ABCA-3CDB40534EBE}.Release|x86.ActiveCfg = Release|Win32
		{15906D92-FF5E-49F5-ABCA-3CDB40534EBE}.Release|x86.Build.0 = Release|Win32
		{0DAFD567-FDC3-4607-B5C4-21B62E8538E4}.Debug|x64.ActiveCfg = Debug|x64
		{0DAFD567-FDC3-4607-B5C4-21B62E8538E4}.Debug|x64.Build.0 = Debug|x64
		{0DAFD567-FDC3-4607-B5C4-21B62E8538E4}.Debug|x86.ActiveCfg = Debug|Win32
		{0DAFD567-FDC3-4607-B5C4-21B62E8538E4}.Debug|x86.Build.0 = Debug|Win32
		{0DAFD567-FDC3-4607-B5C4-21B62E8538E4}.Release|x64.ActiveCfg = Release|x64
		{0DAFD567-FDC3-4607-B5C4-21B62E8538E4}.Release|x64.Build.0 = Release|x64
		{0DAFD567-FDC3-4607-B5C4-21B62E8538E4}.Release|x86.ActiveCfg = Release|Win32
		{0DAFD567-FDC3-4607-B5C4-21B62E8538E4}.Release|x86.Build.0 = Release|Win32
		{BACFA61E-3DC5-4579-B747-F6A60A955B6A}.Debug|x64.ActiveCfg = Debug|x64
		{BACFA61E-3DC5-4579-B747-F6A60A955B6A}.Debug|x64.Build.0 = Debug|x64
		{BACFA61E-3DC5-4579-B747-F6A60A955B6A}.Debug|x86.ActiveCfg = Debug|Win32
		{BACFA61E-3DC5-4579-B747-F6A60A955B6A}.Debug|x86.Build.0 = Debug|Win32
		{BACFA61E-3DC5-4579-B747-F6A60A955B6A}.Release|x64.ActiveCfg = Release|x64
		{BACFA61E-3DC5-4579-B747-F6A60A955B6A}.Release|x64.Build.0 = Release|x64
		{BACFA61E-3DC5-4579-B747-F6A60A955B6A}.Release|x86.ActiveCfg = Release|Win32
		{BACFA61E-3DC5-4579-B747-F6A60A955B6A}.Release|x86.Build.0 = Release|Win32
		{15C834A5-17F5-4F5A-9C43-8BE918B48FD2}.Debug|x64.ActiveCfg = Debug|x64
		{15C834A5-17F5-4F5A-9C43-8BE918B48FD2}.Debug|x64.Build.0 = Debug|x64
		{15C834A5-17F5-4F5A-9C43-8BE918B48FD2}.Debug|x86.ActiveCfg = Debug|Win32
		{15C834A5-17F5-4F5A-9C43-8BE918B48FD2}.Debug|x86.Build.0 = Debug|Win32
		{15C834A5-17F5-4F5A-9C43-8BE918B48FD2}.Release|x64.ActiveCfg = Release|x64
		{15C834A5-17F5-4F5A-9C43-8BE918B48FD2}.Release|x64.Build.0 = Release|x64
		{15C834A5-17F5-4F5A-9C43-8BE918B48FD2}.Release|x86.ActiveCfg = Release|Win32
		{15C834A5-17F5-4F5A-9C43-8BE918B48FD2}.Release|x86.Build.0 = Release|Win32
		{362B86D7-0B3C-45A1-9A98-65ABE1B54730}.Debug|x64.ActiveCfg = Debug|x64
		{362B86D7-0B3C-45A1-9A98-65ABE1B54730}.Debug|x64.Build.0 = Debug|x64
		{362B86D7-0B3C-45A1-9A98-65ABE1B54730}.Debug|x86.ActiveCfg = Debug|Win32
		{362B86D7-0B3C-45A1-9A98-65ABE1B54730}.Debug|x86.Build.0 = Debug|Win32
		{362B86D7-0B3C-45A1-9A98-65ABE1B54730}.Release|x64.ActiveCfg = Release|x64
		{362B86D7-0B3C-45A1-9A98-65ABE1B54730}.Release|x64.Build.0 = Release|x64
		{362B86D7-0B3C-45A1-9A98-65ABE1B54730}.Release|x86.ActiveCfg = Release|Win32
		{362B86D7-0B3C-45A1-9A98-65ABE1B54730}.Release|x86.Build.0 = Release|Win32
		{C6BAB36D-4449-411F-A0E9-FDA89DCFFD5D}.Debug|x64.ActiveCfg = Debug|x64
		{C6BAB36D-4449-411F-A0E9-FDA89DCFFD5D}.Debug|x64.Build.0 = Debug|x64
		{C6BAB36D-4449-411F-A0E9-FDA89DCFFD5D}.Debug|x86.ActiveCfg = Debug|Win32
		{C6BAB36D-4449-411F-A0E9-FDA89DCFFD5D}.Debug|x86.Build.0 = Debug|Win32
		{C6BAB36D-4449-411F-A0E9-FDA89DCFFD5D}.Release|x64.ActiveCfg = Release|x64
		{C6BAB36D-4449-411F-A0E9-FDA89DCFFD5D}.Release|x64.Build.0 = Release|x64
		{C6BAB36D-4449-411F-A0E9-FDA89DCFFD5D}.Release|x86.ActiveCfg = Release|Win32
		{C6BAB36D-4449-411F-A0E9-FDA89DCFFD5D}.Release|x86.Build.0 = Release|Win32
		{8DFD2F5E-9E43-4915-952B-35436049D046}.Debug|x64.ActiveCfg = Debug|x64
		{8DFD2F5E-9E43-4915-952B-35436049D046}.Debug|x64.Build.0 = Debug|x64
		{8DFD2F5E-9E43-4915-952B-35436049D046}.Debug|x86.ActiveCfg = Debug|Win32
		{8DFD2F5E-9E43-4915-952B-35436049D046}.Debug|x86.Build.0 = Debug|Win32
		{8DFD2F5E-9E43-4915-952B-35436049D046}.Release|x64.ActiveCfg = Release|x64
		{8DFD2F5E-9E43-4915-952B-35436049D046}.Release|x64.Build.0 = Release|x64
		{8DFD2F5E-9E43-4915-952B-35436049D046}.Release|x86.ActiveCfg = Release|Win32
		{8DFD2F5E-9E43-4915-952B-35436049D046}.Release|x86.Build.0 = Release|Win32
		{6098C799-C260-4FD4-B283-C49C72E984E5}.Debug|x64.ActiveCfg = Debug|x64
		{6098C799-C260-4FD4-B283-C49C72E984E5}.Debug|x64.Build.0 = Debug|x64
		{6098C799-C260-4FD4-B283-C49C72E984E5}.Debug|x86.ActiveCfg = Debug|Win32
		{6098C799-C260-4FD4-B283-C49C72E984E5}.Debug|x86.Build.0 = Debug|Win32
		{6098C799-C260-4FD4-B283-C49C72E984E5}.Release|x64.ActiveCfg = Release|x64
		{6098C799-C260-4FD4-B283-C49C72E984E5}.Release|x64.Build.0 = Release|x64
		{6098C799-C260-4FD4-B283-C49C72E984E5}.Release|x86.ActiveCfg = Release|Win32
		{6098C799-C260-4FD4-B283-C49C72E984E5}.Release|x86.Build.0 = Release|Win32
		{A6C49EE7-E8B1-48C9-B5C1-110AE5467F7C}.Debug|x64.ActiveCfg = Debug|x64
		{A6C49EE7-E8B1-48C9-B5C1-110AE5467F7C}.Debug|x64.Build.0 = Debug|x64
		{A6C49EE7-E8B1-48C9-B5C1-110AE5467F7C}.Debug|x86.ActiveCfg = Debug|Win32
		{A6C49EE7-E8B1-48C9-B5C1-110AE5467F7C}.Debug|x86.Build.0 = Debug|Win32
		{A6C49EE7-E8B1-48C9-B5C1-110AE5467F7C}.Release|x64.ActiveCfg = Release|x64
		{A6C49EE7-E8B1-48C9-B5C1-110AE5467F7C}.Release|x64.Build.0 = Release|x64
		{A6C49EE7-E8B1-48C9-B5C1-110AE5467F7C}.Release|x86.ActiveCfg = Release|Win32
		{A6C49EE7-E8B1-48C9-B5C1-110AE5467F7C}.Release|x86.Build.0 = Release|Win32
		{27F95495-F6FB-4F83-81E5-8ECC5BEF9D95}.Debug|x64.ActiveCfg = Debug|x64
		{27F95495-F6FB-4F83-81E5-8ECC5BEF9D95}.Debug|x64.Build.0 = Debug|x64
		{27F95495-F6FB-4F83-81E5-8ECC5BEF9D95}.Debug|x86.ActiveCfg = Debug|Win32
		{27F95495-F6FB-4F83-81E5-8ECC5BEF9D95}.Debug|x86.Build.0 = Debug|Win32
		{27F95495-F6FB-4F83-81E5-8ECC5BEF9D95}.Release|x64.ActiveCfg = Release|x64
		{27F95495-F6FB-4F83-81E5-8ECC5BEF9D95}.Release|x64.Build.0 = Release|x64
		{27F95495-F6FB-4F83-81E5-8ECC5BEF9D95}.Release|x86.ActiveCfg = Release|Win32
		{27F95495-F6FB-4F83-81E5-8ECC5BEF9D95}.Release|x86.Build.0 = Release|Win32
		{CA18989C-022A-4125-B998-E2BDE6470D9C}.Debug|x64.ActiveCfg = Debug|x64
		{CA18989C-022A-4125-B998-E2BDE6470D9C}.Debug|x64.Build.0 = Debug|x64
		{CA18989C-022A-4125-B998-E2BDE6470D9C}.Debug|x86.ActiveCfg = Debug|Win32
		{CA18989C-022A-4125-B998-E2BDE6470D9C}.Debug|x86.Build.0 = Debug|Win32
		{CA18989C-022A-4125-B998-E2BDE6470D9C}.Release|x64.ActiveCfg = Release|x64
		{CA18989C-022A-4125-B998-E2BDE6470D9C}.Release|x64.Build.0 = Release|x64
		{CA18989C-022A-4125-B998-E2BDE6470D9C}.Release|x86.ActiveCfg = Release|Win32
		{CA18989C-022A-4125-B998-E2BDE6470D9C}.Release|x86.Build.0 = Release|Win32
		{976FDAB8-DEE7-40B7-B374-4203F2ACF5E9}.Debug|x64.ActiveCfg = Debug|x64
		{976FDAB8-DEE7-40B7-B374-4203F2ACF5E9}.Debug|x64.Build.0 = Debug|x64
		{976FDAB8-DEE7-40B7-B374-4203F2ACF5E9}.Debug|x86.ActiveCfg = Debug|Win32
		{976FDAB8-DEE7-40B7-B374-4203F2ACF5E9}.Debug|x86.Build.0 = Debug|Win32
		{976FDAB8-DEE7-40B7-B374-4203F2ACF5E9}.Release|x64.ActiveCfg = Release|x64
		{976FDAB8-DEE7-40B7-B374-4203F2ACF5E9}.Release|x64.Build.0 = Release|x64
		{976FDAB8-DEE7-40B7-B374-4203F2ACF5E9}.Release|x86.ActiveCfg = Release|Win32
		{976FDAB8-DEE7-40B7-B374-4203F2ACF5E9}.Release|x86.Build.0 = Release|Win32
		{A168B9AD-9933-45D4-90A6-07B4BFBD81CD}.Debug|x64.ActiveCfg = Debug|x64
		{A168B9AD-9933-45D4-90A6-07B4BFBD81CD}.Debug|x64.Build.0 = Debug|x64
		{A168B9AD-9933-45D4-90A6-07B4BFBD81CD}.Debug|x86.ActiveCfg = Debug|Win32
		{A168B9AD-9933-45D4-90A6-07B4BFBD81CD}.Debug|x86.Build.0 = Debug|Win32
		{A168B9AD-9933-45D4-90A6-07B4BFBD81CD}.Release|x64.ActiveCfg = Release|x64
		{A168B9AD-9933-45D4-90A6-07B4BFBD81CD}.Release|x64.Build.0 = Release|x64
		{A168B9AD-9933-45D4-90A6-07B4BFBD81CD}.Release|x86.ActiveCfg = Release|Win32
		{A168B9AD-9933-45D4-90A6-07B4BFBD81CD}.Release|x86.Build.0 = Release|Win32
		{687042E3-BC4A-4BA0-99E2-0B9070DC8436}.Debug|x64.ActiveCfg = Debug|x64
		{687042E3-BC4A-4BA0-99E2-0B9070DC8436}.Debug|x64.Build.0 = Debug|x64
		{687042E3-BC4A-4BA0-99E2-0B9070DC8436}.Debug|x86.ActiveCfg = Debug|Win32
		{687042E3-BC4A-4BA0-99E2-0B9070DC8436}.Debug|x86.Build.0 = Debug|Win32
		{687042E3-BC4A-4BA0-99E2-0B9070DC8436}.Release|x64.ActiveCfg = Release|x64
		{687042E3-BC4A-4BA0-99E2-0B9070DC8436}.Release|x64.Build.0 = Release|x64
		{687042E3-BC4A-4BA0-99E2-0B9070DC8436}.Release|x86.ActiveCfg = Release|Win32
		{687042E3-BC4A-4BA0-99E2-0B9070DC8436}.Release|x86.Build.0 = Release|Win32
		{6BBCE149-72EA-4320-A3A2-C797B813B3DA}.Debug|x64.ActiveCfg = Debug|x64
		{6BBCE149-72EA-4320-A3A2-C797B813B3DA}.Debug|x64.Build.0 = Debug|x64
		{6BBCE149-72EA-4320-A3A2-C797B813B3DA}.Debug|x86.ActiveCfg = Debug|Win32
		{6BBCE149-72EA-4320-A3A2-C797B813B3DA}.Debug|x86.Build.0 = Debug|Win32
		{6BBCE149-72EA-4320-A3A2-C797B813B3DA}.Release|x64.ActiveCfg = Release|x64
		{6BBCE149-72EA-4320-A3A2-C797B813B3DA}.Release|x64.Build.0 = Release|x64
		{6BBCE149-72EA-4320-A3A2-C797B813B3DA}.Release|x86.ActiveCfg = Release|Win32
		{6BBCE149-72EA-4320-A3A2-C797B813B3DA}.Release|x86.Build.0 = Release|Win32
		{2FCFB3F8-74C8-437B-A307-071CC2F2B1ED}.Debug|x64.ActiveCfg = Debug|x64
		{2FCFB3F8-74C8-437B-A307-071CC2F2B1ED}.Debug|x64.Build.0 = Debug|x64
		{2FCFB3F8-74C8-437B-A307-071CC2F2B1ED}.Debug|x86.ActiveCfg = Debug|Win32
		{2FCFB3F8-74C8-437B-A307-071CC2F2B1ED}.Debug|x86.Build.0 = Debug|Win32
		{2FCFB3F8-74C8-437B-A307-071CC2F2B1ED}.Release|x64.ActiveCfg = Release|x64
		{2FCFB3F8-74C8-437B-A307-071CC2F2B1ED}.Release|x64.Build.0 = Release|x64
		{2FCFB3F8-74C8-437B-A307-071CC2F2B1ED}.Release|x86.ActiveCfg = Release|Win32
		{2FCFB3F8-74C8-437B-A307-071CC2F2B1ED}.Release|x86.Build.0 = Release|Win32
		{7DBCE5A3-275A-4899-883E-EDDFBE36E967}.Debug|x64.ActiveCfg = Debug|x64
		{7DBCE5A3-275A-4899-883E-EDDFBE36E967}.Debug|x64.Build.0 = Debug|x64
		{7DBCE5A3-275A-4899-883E-EDDFBE36E967}.Debug|x86.ActiveCfg = Debug|Win32
		{7DBCE5A3-275A-4899-883E-EDDFBE36E967}.Debug|x86.Build.0 = Debug|Win32
		{7DBCE5A3-275A-4899-883E-EDDFBE36E967}.Release|x64.ActiveCfg = Release|x64
		{7DBCE5A3-275A-4899-883E-EDDFBE36E967}.Release|x64.Build.0 = Release|x64
		{7DBCE5A3-275A-4899-883E-EDDFBE36E967}.Release|x86.ActiveCfg = Release|Win32
		{7DBCE5A3-275A-4899-883E-EDDFBE36E967}.Release|x86.Build.0 = Release|Win32
		{07DADC00-2BA5-43BE-A0D7-200CCAB5256A}.Debug|x64.ActiveCfg = Debug|x64
		{07DADC00-2BA5-43BE-A0D7-200CCAB5256A}.Debug|x64.Build.0 = Debug|x64
		{07DADC00-2BA5-43BE-A0D7-200CCAB5256A}.Debug|x86.ActiveCfg = Debug|Win32
		{07DADC00-2BA5-43BE-A0D7-200CCAB5256A}.Debug|x86.Build.0 = Debug|Win32
		{07DADC00-2BA5-43BE-A0D7-200CCAB5256A}.Release|x64.ActiveCfg = Release|x64
		{07DADC00-2BA5-43BE-A0D7-200CCAB5256A}.Release|x64.Build.0 = Release|x64
		{07DADC00-2BA5-43BE-A0D7-200CCAB5256A}.Release|x86.ActiveCfg = Release|Win32
		{07DADC00-2BA5-43BE-A0D7-200CCAB5256A}.Release|x86.Build.0 = Release|Win32
		{0A99BDE3-AFE4-49D2-8173-39F281BBB37E}.Debug|x64.ActiveCfg = Debug|x64
		{0A99BDE3-AFE4-49D2-8173-39F281BBB37E}.Debug|x64.Build.0 = Debug|x64
		{0A99BDE3-AFE4-49D2-8173-39F281BBB37E}.Debug|x86.ActiveCfg = Debug|Win32
		{0A99BDE3-AFE4-49D2-8173-39F281BBB37E}.Debug|x86.Build.0 = Debug|Win32
		{0A99BDE3-AFE4-49D2-8173-39F281BBB37E}.Release|x64.ActiveCfg = Release|x64
		{0A99BDE3-AFE4-49D2-8173-39F281BBB37E}.Release|x64.Build.0 = Release|x64
		{0A99BDE3-AFE4-49D2-8173-39F281BBB37E}.Release|x86.ActiveCfg = Release|Win32
		{0A99BDE3-AFE4-49D2-8173-39F281BBB37E}.Release|x86.Build.0 = Release|Win32
		{AEB68A79-0820-46A5-BE93-4737AE825F02}.Debug|x64.ActiveCfg = Debug|x64
		{AEB68A79-0820-46A5-BE93-4737AE825F02}.Debug|x64.Build.0 = Debug|x64
		{AEB68A79-0820-46A5-BE93-4737AE825F02}.Debug|x86.ActiveCfg = Debug|Win32
		{AEB68A79-0820-46A5-BE93-4737AE825F02}.Debug|x86.Build.0 = Debug|Win32
		{AEB68A79-0820-46A5-BE93-4737AE825F02}.Release|x64.ActiveCfg = Release|x64
		{AEB68A79-0820-46A5-BE93-4737AE825F02}.Release|x64.Build.0 = Release|x64
		{AEB68A79-0820-46A5-BE93-4737AE825F02}.Release|x86.ActiveCfg = Release|Win32
		{AEB68A79-0820-46A5-BE93-4737AE825F02}.Release|x86.Build.0 = Release|Win32
		{DD90210F-F98D-426D-A4E8-F34A8771C1FA}.Debug|x64.ActiveCfg = Debug|x64
		{DD90210F-F98D-426D-A4E8-F34A8771C1FA}.Debug|x64.Build.0 = Debug|x64
		{DD90210F-F98D-426D-A4E8-F34A8771C1FA}.Debug|x86.ActiveCfg = Debug|Win32
		{DD90210F-F98D-426D-A4E8-F34A8771C1FA}.Debug|x86.Build.0 = Debug|Win32
		{DD90210F-F98D-426D-A4E8-F34A8771C1FA}.Release|x64.ActiveCfg = Release|x64
		{DD90210F-F98D-426D-A4E8-F34A8771C1FA}.Release|x64.Build.0 = Release|x64
		{DD90210F-F98D-426D-A4E8-F34A8771C1FA}.Release|x86.ActiveCfg = Release|Win32
		{DD90210F-F98D-426D-A4E8-F34A8771C1FA}.Release|x86.Build.0 = Release|Win32
		{44720206-0BE6-4F02-8C52-A7126FB98B90}.Debug|x64.ActiveCfg = Debug|x64
		{44720206-0BE6-4F02-8C52-A7126FB98B90}.Debug|x64.Build.0 = Debug|x64
		{44720206-0BE6-4F02-8C52-A7126FB98B90}.Debug|x86.ActiveCfg = Debug|Win32
		{44720206-0BE6-4F02-8C52-A7126FB98B90}.Debug|x86.Build.0 = Debug|Win32
		{44720206-0BE6-4F02-8C52-A7126FB98B90}.Release|x64.ActiveCfg = Release|x64
		{44720206-0BE6-4F02-8C52-A7126FB98B90}.Release|x64.Build.0 = Release|x64
		{44720206-0BE6-4F02-8C52-A7126FB98B90}.Release|x86.ActiveCfg = Release|Win32
		{44720206-0BE6-4F02-8C52-A7126FB98B90}.Release|x86.Build.0 = Release|Win32
		{7F656247-5069-4EAA-A465-07139EC8B243}.Debug|x64.ActiveCfg = Debug|x64
		{7F656247-5069-4EAA-A465-07139EC8B243}.Debug|x64.Build.0 = Debug|x64
		{7F656247-5069-4EAA-A465-07139EC8B243}.Debug|x86.ActiveCfg = Debug|Win32
		{7F656247-5069-4EAA-A465-07139EC8B243}.Debug|x86.Build.0 = Debug|Win32
		{7F656247-5069-4EAA-A465-07139EC8B243}.Release|x64.ActiveCfg = Release|x64
		{7F656247-5069-4EAA-A465-07139EC8B243}.Release|x64.Build.0 = Release|x64
		{7F656247-5069-4EAA-A465-07139EC8B243}.Release|x86.ActiveCfg = Release|Win32
		{7F656247-5069-4EAA-A465-07139EC8B243}.Release|x86.Build.0 = Release|Win32
		{27F9290B-955F-4963-A795-2F22120F261A}.Debug|x64.ActiveCfg = Debug|x64
		{27F9290B-955F-4963-A795-2F22120F261A}.Debug|x64.Build.0 = Debug|x64
		{27F9290B-955F-4963-A795-2F22120F261A}.Debug|x86.ActiveCfg = Debug|Win32
		{27F9290B-955F-4963-A795-2F22120F261A}.Debug|x86.Build.0 = Debug|Win32
		{27F9290B-955F-4963-A795-2F22120F261A}.Release|x64.ActiveCfg = Release|x64
		{27F9290B-955F-4963-A795-2F22120F261A}.Release|x64.Build.0 = Release|x64
		{27F9290B-955F-4963-A795-2F22120F261A}.Release|x86.ActiveCfg = Release|Win32
		{27F9290B-955F-4963-A795-2F22120F261A}.Release|x86.Build.0 = Release|Win32
		{64EE3FB4-F4AD-4BA6-94A5-F34AE192C411}.Debug|x64.ActiveCfg = Debug|x64
		{64EE3FB4-F4AD-4BA6-94A5-F34AE192C411}.Debug|x64.Build.0 = Debug|x64
		{64EE3FB4-F4AD-4BA6-94A5-F34AE192C411}.Debug|x86.ActiveCfg = Debug|Win32
		{64EE3FB4-F4AD-4BA6-94A5-F34AE192C411}.Debug|x86.Build.0 = Debug|Win32
		{64EE3FB4-F4AD-4BA6-94A5-F34AE192C411}.Release|x64.ActiveCfg = Release|x64
		{64EE3FB4-F4AD-4BA6-94A5-F34AE192C411}.Release|x64.Build.0 = Release|x64
		{64EE3FB4-F4AD-4BA6-94A5-F34AE192C411}.Release|x86.ActiveCfg = Release|Win32
		{64EE3FB4-F4AD-4BA6-94A5-F34AE192C411}.Release|x86.Build.0 = Release|Win32
		{8C821D10-A831-4B80-B21D-5D6AB766699D}.Debug|x64.ActiveCfg = Debug|x64
		{8C821D10-A831-4B80-B21D-5D6AB766699D}.Debug|x64.Build.0 = Debug|x64
		{8C821D10-A831-4B80-B21D-5D6AB766699D}.Debug|x86.ActiveCfg = Debug|Win32
		{8C821D10-A831-4B80-B21D-5D6AB766699D}.Debug|x86.Build.0 = Debug|Win32
		{8C821D10-A831-4B80-B21D-5D6AB766699D}.Release|x64.ActiveCfg = Release|x64
		{8C821D10-A831-4B80-B21D-5D6AB766699D}.Release|x64.Build.0 = Release|x64
		{8C821D10-A831-4B80-B21D-5D6AB766699D}.Release|x86.ActiveCfg = Release|Win32
		{8C821D10-A831-4B80-B21D-5D6AB766699D}.Release|x86.Build.0 = Release|Win32
		{1CA8F94B-9834-4883-BD81-BFBEF23A051F}.Debug|x64.ActiveCfg = Debug|x64
		{1CA8F94B-9834-4883-BD81-BFBEF23A051F}.Debug|x64.Build.0 = Debug|x64
		{1CA8F94B-9834-4883-BD81-BFBEF23A051F}.Debug|x86.ActiveCfg = Debug|Win32
		{1CA8F94B-9834-4883-BD81-BFBEF23A051F}.Debug|x86.Build.0 = Debug|Win32
		{1CA8F94B-9834-4883-BD81-BFBEF23A051F}.Release|x64.ActiveCfg = Release|x64
		{1CA8F94B-9834-4883-BD81-BFBEF23A051F}.Release|x64.Build.0 = Release|x64
		{1CA8F94B-9834-4883-BD81-BFBEF23A051F}.Release|x86.ActiveCfg = Release|Win32
		{1CA8F94B-9834-4883-BD81-BFBEF23A051F}.Release|x86.Build.0 = Release|Win32
		{3287E547-D6FC-4EC0-8384-FF572BE49E7F}.Debug|x64.ActiveCfg = Debug|x64
		{3287E547-D6FC-4EC0-8384-FF572BE49E7F}.Debug|x64.Build.0 = Debug|x64
		{3287E547-D6FC-4EC0-8384-FF572BE49E7F}.Debug|x86.ActiveCfg = Debug|Win32
		{3287E547-D6FC-4EC0-8384-FF572BE49E7F}.Debug|x86.Build.0 = Debug|Win32
		{3287E547-D6FC-4EC0-8384-FF572BE49E7F}.Release|x64.ActiveCfg = Release|x64
		{3287E547-D6FC-4EC0-8384-FF572BE49E7F}.Release|x64.Build.0 = Release|x64
		{3287E547-D6FC-4EC0-8384-FF572BE49E7F}.Release|x86.ActiveCfg = Release|Win32
		{3287E547-D6FC-4EC0-8384-FF572BE49E7F}.Release|x86.Build.0 = Release|Win32
		{83D9A178-5C4E-4F62-A235-51B17C7BFD68}.Debug|x64.ActiveCfg = Debug|x64
		{83D9A178-5C4E-4F62-A235-51B17C7BFD68}.Debug|x64.Build.0 = Debug|x64
		{83D9A178-5C4E-4F62-A235-51B17C7BFD68}.Debug|x86.ActiveCfg = Debug|Win32
		{83D9A178-5C4E-4F62-A235-51B17C7BFD68}.Debug|x86.Build.0 = Debug|Win32
		{83D9A178-5C4E-4F62-A235-51B17C7BFD68}.Release|x64.ActiveCfg = Release|x64
		{83D9A178-5C4E-4F62-A235-51B17C7BFD68}.Release|x64.Build.0 = Release|x64
		{83D9A178-5C4E-4F62-A235-51B17C7BFD68}.Release|x86.ActiveCfg = Release|Win32
		{83D9A178-5C4E-4F62-A235-51B17C7BFD68}.Release|x86.Build.0 = Release|Win32
		{9E21FFC2-31D0-467E-81E7-E30C39212FBF}.Debug|x64.ActiveCfg = Debug|x64
		{9E21FFC2-31D0-467E-81E7-E30C39212FBF}.Debug|x64.Build.0 = Debug|x64
		{9E21FFC2-31D0-467E-81E7-E30C39212FBF}.Debug|x86.ActiveCfg = Debug|Win32
		{9E21FFC2-31D0-467E-81E7-E30C39212FBF}.Debug|x86.Build.0 = Debug|Win32
		{9E21FFC2-31D0-467E-81E7-E30C39212FBF}.Release|x64.ActiveCfg = Release|x64
		{9E21FFC2-31D0-467E-81E7-E30C39212FBF}.Release|x64.Build.0 = Release|x64
		{9E21FFC2-31D0-467E-81E7-E30C39212FBF}.Release|x86.ActiveCfg = Release|Win32
		{9E21FFC2-31D0-467E-81E7-E30C39212FBF}.Release|x86.Build.0 = Release|Win32
		{2B2A4D0B-C203-43E7-95C1-33DB8DA203DD}.Debug|x64.ActiveCfg = Debug|x64
		{2B2A4D0B-C203-43E7-95C1-33DB8DA203DD}.Debug|x64.Build.0 = Debug|x64
		{2B2A4D0B-C203-43E7-95C1-33DB8DA203DD}.Debug|x86.ActiveCfg = Debug|Win32
		{2B2A4D0B-C203-43E7-95C1-33DB8DA203DD}.Debug|x86.Build.0 = Debug|Win32
		{2B2A4D0B-C203-43E7-95C1-33DB8DA203DD}.Release|x64.ActiveCfg = Release|x64
		{2B2A4D0B-C203-43E7-95C1-33DB8DA203DD}.Release|x64.Build.0 = Release|x64
		{2B2A4D0B-C203-43E7-95C1-33DB8DA203DD}.Release|x86.ActiveCfg = Release|Win32
		{2B2A4D0B-C203-43E7-95C1-33DB8DA203DD}.Release|x86.Build.0 = Release|Win32
		{837233AA-A55A-4EAF-A2F6-13812B8C015F}.Debug|x64.ActiveCfg = Debug|x64
		{837233AA-A55A-4EAF-A2F6-13812B8C015F}.Debug|x64.Build.0 = Debug|x64
		{837233AA-A55A-4EAF-A2F6-13812B8C015F}.Debug|x86.ActiveCfg = Debug|Win32
		{837233AA-A55A-4EAF-A2F6-13812B8C015F}.Debug|x86.Build.0 = Debug|Win32
		{837233AA-A55A-4EAF-A2F6-13812B8C015F}.Release|x64.ActiveCfg = Release|x64
		{837233AA-A55A-4EAF-A2F6-13812B8C015F}.Release|x64.Build.0 = Release|x64
		{837233AA-A55A-4EAF-A2F6-13812B8C015F}.Release|x86.ActiveCfg = Release|Win32
		{837233AA-A55A-4EAF-A2F6-13812B8C015F}.Release|x86.Build.0 = Release|Win32
		{A1380CB4-6811-421D-A22F-E32781A51622}.Debug|x64.ActiveCfg = Debug|x64
		{A1380CB4-6811-421D-A22F-E32781A51622}.Debug|x64.Build.0 = Debug|x64
		{A1380CB4-6811-421D-A22F-E32781A51622}.Debug|x86.ActiveCfg = Debug|Win32
		{A1380CB4-6811-421D-A22F-E32781A51622}.Debug|x86.Build.0 = Debug|Win32
		{A1380CB4-6811-421D-A22F-E32781A51622}.Release|x64.ActiveCfg = Release|x64
		{A1380CB4-6811-421D-A22F-E32781A51622}.Release|x64.Build.0 = Release|x64
		{A1380CB4-6811-421D-A22F-E32781A51622}.Release|x86.ActiveCfg = Release|Win32
		{A1380CB4-6811-421D-A22F-E32781A51622}.Release|x86.Build.0 = Release|Win32
		{9EDE357F-A1B9-4CB9-B3FA-EB86C255D4CC}.Debug|x64.ActiveCfg = Debug|x64
		{9EDE357F-A1B9-4CB9-B3FA-EB86C255D4CC}.Debug|x64.Build.0 = Debug|x64
		{9EDE357F-A1B9-4CB9-B3FA-EB86C255D4CC}.Debug|x86.ActiveCfg = Debug|Win32
		{9EDE357F-A1B9-4CB9-B3FA-EB86C255D4CC}.Debug|x86.Build.0 = Debug|Win32
		{9EDE357F-A1B9-4CB9-B3FA-EB86C255D4CC}.Release|x64.ActiveCfg = Release|x64
		{9EDE357F-A1B9-4CB9-B3FA-EB86C255D4CC}.Release|x64.Build.0 = Release|x64
		{9EDE357F-A1B9-4CB9-B3FA-EB86C255D4CC}.Release|x86.ActiveCfg = Release|Win32
		{9EDE357F-A1B9-4CB9-B3FA-EB86C255D4CC}.Release|x86.Build.0 = Release|Win32
		{99A7EEF2-42DA-4AD4-A6CF-8573F9D4D4A3}.Debug|x64.ActiveCfg = Debug|x64
		{99A7EEF2-42DA-4AD4-A6CF-8573F9D4D4A3}.Debug|x64.Build.0 = Debug|x64
		{99A7EEF2-42DA-4AD4-A6CF-8573F9D4D4A3}.Debug|x86.ActiveCfg = Debug|Win32
		{99A7EEF2-42DA-4AD4-A6CF-8573F9D4D4A3}.Debug|x86.Build.0 = Debug|Win32
		{99A7EEF2-42DA-4AD4-A6CF-8573F9D4D4A3}.Release|x64.ActiveCfg = Release|x64
		{99A7EEF2-42DA-4AD4-A6CF-8573F9D4D4A3}.Release|x64.Build.0 = Release|x64
		{99A7EEF2-42DA-4AD4-A6CF-8573F9D4D4A3}.Release|x86.ActiveCfg = Release|Win32
		{99A7EEF2-42DA-4AD4-A6CF-8573F9D4D4A3}.Release|x86.Build.0 = Release|Win32
		{4495A43B-7DB4-4DE6-B70E-3B0ABA0C3D86}.Debug|x64.ActiveCfg = Debug|x64
		{4495A43B-7DB4-4DE6-B70E-3B0ABA0C3D86}.Debug|x64.Build.0 = Debug|x64
		{4495A43B-7DB4-4DE6-B70E-3B0ABA0C3D86}.Debug|x86.ActiveCfg = Debug|Win32
		{4495A43B-7DB4-4DE6-B70E-3B0ABA0C3D86}.Debug|x86.Build.0 = Debug|Win32
		{4495A43B-7DB4-4DE6-B70E-3B0ABA0C3D86}.Release|x64.ActiveCfg = Release|x64
		{4495A43B-7DB4-4DE6-B70E-3B0ABA0C3D86}.Release|x64.Build.0 = Release|x64
		{4495A43B-7DB4-4DE6-B70E-3B0ABA0C3D86}.Release|x86.ActiveCfg = Release|Win32
		{4495A43B-7DB4-4DE6-B70E-3B0ABA0C3D86}.Release|x86.Build.0 = Release|Win32
		{53EF0514-EB50-43AC-892C-52AC71239780}.Debug|x64.ActiveCfg = Debug|x64
		{53EF0514-EB50-43AC-892C-52AC71239780}.Debug|x64.Build.0 = Debug|x64
		{53EF0514-EB50-43AC-892C-52AC71239780}.Debug|x86.ActiveCfg = Debug|Win32
		{53EF0514-EB50-43AC-892C-52AC71239780}.Debug|x86.Build.0 = Debug|Win32
		{53EF0514-EB50-43AC-892C-52AC71239780}.Release|x64.ActiveCfg = Release|x64
		{53EF0514-EB50-43AC-892C-52AC71239780}.Release|x64.Build.0 = Release|x64
		{53EF0514-EB50-43AC-892C-52AC71239780}.Release|x86.ActiveCfg = Release|Win32
		{53EF0514-EB50-43AC-892C-52AC71239780}.Release|x86.Build.0 = Release|Win32
		{86F4E673-59CA-40E9-8EF7-A7F552E14D46}.Debug|x64.ActiveCfg = Debug|x64
		{86F4E673-59CA-40E9-8EF7-A7F552E14D46}.Debug|x64.Build.0 = Debug|x64
		{86F4E673-59CA-40E9-8EF7-A7F552E14D46}.Debug|x86.ActiveCfg = Debug|Win32
		{86F4E673-59CA-40E9-8EF7-A7F552E14D46}.Debug|x86.Build.0 = Debug|Win32
		{86F4E673-59CA-40E9-8EF7-A7F552E14D46}.Release|x64.ActiveCfg = Release|x64
		{86F4E673-59CA-40E9-8EF7-A7F552E14D46}.Release|x64.Build.0 = Release|x64
		{86F4E673-59CA-40E9-8EF7-A7F552E14D46}.Release|x86.ActiveCfg = Release|Win32
		{86F4E673-59CA-40E9-8EF7-A7F552E14D46}.Release|x86.Build.0 = Release|Win32
		{3674F5ED-F7C8-4A59-8EF9-F8519DEC3EA7}.Debug|x64.ActiveCfg = Debug|x64
		{3674F5ED-F7C8-4A59-8EF9-F8519DEC3EA7}.Debug|x64.Build.0 = Debug|x64
		{3674F5ED-F7C8-4A59-8EF9-F8519DEC3EA7}.Debug|x86.ActiveCfg = Debug|Win32
		{3674F5ED-F7C8-4A59-8EF9-F8519DEC3EA7}.Debug|x86.Build.0 = Debug|Win32
		{3674F5ED-F7C8-4A59-8EF9-F8519DEC3EA7}.Release|x64.ActiveCfg = Release|x64
		{3674F5ED-F7C8-4A59-8EF9-F8519DEC3EA7}.Release|x64.Build.0 = Release|x64
		{3674F5ED-F7C8-4A59-8EF9-F8519DEC3EA7}.Release|x86.ActiveCfg = Release|Win32
		{3674F5ED-F7C8-4A59-8EF9-F8519DEC3EA7}.Release|x86.Build.0 = Release|Win32
		{D6CCD341-253D-4DC3-A7A0-1D48CD338AFA}.Debug|x64.ActiveCfg = Debug|x64
		{D6CCD341-253D-4DC3-A7A0-1D48CD338AFA}.Debug|x64.Build.0 = Debug|x64
		{D6CCD341-253D-4DC3-A7A0-1D48CD338AFA}.Debug|x86.ActiveCfg = Debug|Win32
		{D6CCD341-253D-4DC3-A7A0-1D48CD338AFA}.Debug|x86.Build.0 = Debug|Win32
		{D6CCD341-253D-4DC3-A7A0-1D48CD338AFA}.Release|x64.ActiveCfg = Release|x64
		{D6CCD341-253D-4DC3-A7A0-1D48CD338AFA}.Release|x64.Build.0 = Release|x64
		{D6CCD341-253D-4DC3-A7A0-1D48CD338AFA}.Release|x86.ActiveCfg = Release|Win32
		{D6CCD341-253D-4DC3-A7A0-1D48CD338AFA}.Release|x86.Build.0 = Release|Win32
		{5E9DBF3D-3C2E-4760-8437-3F473E6B9D0A}.Debug|x64.ActiveCfg = Debug|x64
		{5E9DBF3D-3C2E-4760-8437-3F473E6B9D0A}.Debug|x64.Build.0 = Debug|x64
		{5E9DBF3D-3C2E-4760-8437-3F473E6B9D0A}.Debug|x86.ActiveCfg = Debug|Win32
		{5E9DBF3D-3C2E-4760-8437-3F473E6B9D0A}.Debug|x86.Build.0 = Debug|Win32
		{5E9DBF3D-3C2E-4760-8437-3F473E6B9D0A}.Release|x64.ActiveCfg = Release|x64
		{5E9DBF3D-3C2E-4760-8437-3F473E6B9D0A}.Release|x64.Build.0 = Release|x64
		{5E9DBF3D-3C2E-4760-8437-3F473E6B9D0A}.Release|x86.ActiveCfg = Release|Win32
		{5E9DBF3D-3C2E-4760-8437-3F473E6B9D0A}.Release|x86.Build.0 = Release|Win32
		{17AD94D1-E43C-4244-8BEC-C5623C629A3D}.Debug|x64.ActiveCfg = Debug|x64
		{17AD94D1-E43C-4244-8BEC-C5623C629A3D}.Debug|x64.Build.0 = Debug|x64
		{17AD94D1-E43C-4244-8BEC-C5623C629A3D}.Debug|x86.ActiveCfg = Debug|Win32
		{17AD94D1-E43C-4244-8BEC-C5623C629A3D}.Debug|x86.Build.0 = Debug|Win32
		{17AD94D1-E43C-4244-8BEC-C5623C629A3D}.Release|x64.ActiveCfg = Release|x64
		{17AD94D1-E43C-4244-8BEC-C5623C629A3D}.Release|x64.Build.0 = Release|x64
		{17AD94D1-E43C-4244-8BEC-C5623C629A3D}.Release|x86.ActiveCfg = Release|Win32
		{17AD94D1-E43C-4244-8BEC-C5623C629A3D}.Release|x86.Build.0 = Release|Win32
		{260D31A9-B083-4B51-B0EF-FE2402B14F05}.Debug|x64.ActiveCfg = Debug|x64
		{260D31A9-B083-4B51-B0EF-FE2402B14F05}.Debug|x64.Build.0 = Debug|x64
		{260D31A9-B083-4B51-B0EF-FE2402B14F05}.Debug|x86.ActiveCfg = Debug|Win32
		{260D31A9-B083-4B51-B0EF-FE2402B14F05}.Debug|x86.Build.0 = Debug|Win32
		{260D31A9-B083-4B51-B0EF-FE2402B14F05}.Release|x64.ActiveCfg = Release|x64
		{260D31A9-B083-4B51-B0EF-FE2402B14F05}.Release|x64.Build.0 = Release|x64
		{260D31A9-B083-4B51-B0EF-FE2402B14F05}.Release|x86.ActiveCfg = Release|Win32
		{260D31A9-B083-4B51-B0EF-FE2402B14F05}.Release|x86.Build.0 = Release|Win32
		{57F7B82C-63CE-47DD-A802-9F7A5F2D473A}.Debug|x64.ActiveCfg = Debug|x64
		{57F7B82C-63CE-47DD-A802-9F7A5F2D473A}.Debug|x64.Build.0 = Debug|x64
		{57F7B82C-63CE-47DD-A802-9F7A5F2D473A}.Debug|x86.ActiveCfg = Debug|Win32
		{57F7B82C-63CE-47DD-A802-9F7A5F2D473A}.Debug|x86.Build.0 = Debug|Win32
		{57F7B82C-63CE-47DD-A802-9F7A5F2D473A}.Release|x64.ActiveCfg = Release|x64
		{57F7B82C-63CE-47DD-A802-9F7A5F2D473A}.Release|x64.Build.0 = Release|x64
		{57F7B82C-63CE-47DD-A802-9F7A5F2D473A}.Release|x86.ActiveCfg = Release|Win32
		{57F7B82C-63CE-47DD-A802-9F7A5F2D473A}.Release|x86.Build.0 = Release|Win32
		{37BA2D60-6BD2-4F0A-9D2B-5A5ED5C9EB87}.Debug|x64.ActiveCfg = Debug|x64
		{37BA2D60-6BD2-4F0A-9D2B-5A5ED5C9EB87}.Debug|x64.Build.0 = Debug|x64
		{37BA2D60-6BD2-4F0A-9D2B-5A5ED5C9EB87}.Debug|x86.ActiveCfg = Debug|Win32
		{37BA2D60-6BD2-4F0A-9D2B-5A5ED5C9EB87}.Debug|x86.Build.0 = Debug|Win32
		{37BA2D60-6BD2-4F0A-9D2B-5A5ED5C9EB87}.Release|x64.ActiveCfg = Release|x64
		{37BA2D60-6BD2-4F0A-9D2B-5A5ED5C9EB87}.Release|x64.Build.0 = Release|x64
		{37BA2D60-6BD2-4F0A-9D2B-5A5ED5C9EB87}.Release|x86.ActiveCfg = Release|Win32
		{37BA2D60-6BD2-4F0A-9D2B-5A5ED5C9EB87}.Release|x86.Build.0 = Release|Win32
		{BF7EB8F0-96C7-4078-A461-6DBD298D3612}.Debug|x64.ActiveCfg = Debug|x64
		{BF7EB8F0-96C7-4078-A461-6DBD298D3612}.Debug|x64.Build.0 = Debug|x64
		{BF7EB8F0-96C7-4078-A461-6DBD298D3612}.Debug|x86.ActiveCfg = Debug|Win32
		{BF7EB8F0-96C7-4078-A461-6DBD298D3612}.Debug|x86.Build.0 = Debug|Win32
		{BF7EB8F0-96C7-4078-A461-6DBD298D3612}.Release|x64.ActiveCfg = Release|x64
		{BF7EB8F0-96C7-4078-A461-6DBD298D3612}.Release|x64.Build.0 = Release|x64
		{BF7EB8F0-96C7-4078-A461-6DBD298D3612}.Release|x86.ActiveCfg = Release|Win32
		{BF7EB8F0-96C7-4078-A461-6DBD298D3612}.Release|x86.Build.0 = Release|Win32
	EndGlobalSection
	GlobalSection(SolutionProperties) = preSolution
		HideSolutionNode = FALSE
	EndGlobalSection
	GlobalSection(ExtensibilityGlobals) = postSolution
		SolutionGuid = {02BC45F4-6210-4283-A94A-5E13D4E15393}
	EndGlobalSection
EndGlobal
