
Microsoft Visual Studio Solution File, Format Version 12.00
# Visual Studio 15
VisualStudioVersion = 15.0.27703.2035
MinimumVisualStudioVersion = 10.0.40219.1
Project("{8BC9CEB8-8B4A-11D0-8D11-00A0C91BC942}") = "BAEK_2606", "BAEK_2606\BAEK_2606.vcxproj", "{029B8F04-A6D7-4507-9A31-1845230CEAB8}"
EndProject
Project("{8BC9CEB8-8B4A-11D0-8D11-00A0C91BC942}") = "BAEK_2667", "BAEK_2667\BAEK_2667.vcxproj", "{7D426380-003F-47FB-A959-174B85A89FFA}"
EndProject
Project("{8BC9CEB8-8B4A-11D0-8D11-00A0C91BC942}") = "BAEK_10216", "BAEK_10216\BAEK_10216.vcxproj", "{77A7AE46-512E-4F04-AAA7-922F14D388BA}"
EndProject
Project("{8BC9CEB8-8B4A-11D0-8D11-00A0C91BC942}") = "BAEK_1890", "BAEK_1890\BAEK_1890.vcxproj", "{47001BED-D891-4477-85E8-E338456EFD09}"
EndProject
Project("{8BC9CEB8-8B4A-11D0-8D11-00A0C91BC942}") = "BAEK_1325", "BAEK_1325\BAEK_1325.vcxproj", "{7DD28C26-A8AB-4F0C-AA6A-085942C3D56B}"
EndProject
Project("{8BC9CEB8-8B4A-11D0-8D11-00A0C91BC942}") = "BAEK_10451", "BAEK_10451\BAEK_10451.vcxproj", "{B3E9DAD7-2A89-4068-9E76-A1698B691E8B}"
EndProject
Project("{8BC9CEB8-8B4A-11D0-8D11-00A0C91BC942}") = "BAEK_1516", "BAEK_1516\BAEK_1516.vcxproj", "{C4DAA2B0-4A9E-4C6C-A4AA-5268F5FBBCEF}"
EndProject
Project("{8BC9CEB8-8B4A-11D0-8D11-00A0C91BC942}") = "tmo_practice", "tmo_practice\tmo_practice.vcxproj", "{6E98EA7C-ECA3-4A01-A08E-A00FB559D400}"
EndProject
Project("{8BC9CEB8-8B4A-11D0-8D11-00A0C91BC942}") = "BAEK_1504", "BAEK_1504\BAEK_1504.vcxproj", "{FE4EDB1E-34F4-46A4-B2FF-2E2FCA0596CC}"
EndProject
Project("{8BC9CEB8-8B4A-11D0-8D11-00A0C91BC942}") = "BAEK_11657", "BAEK_11657\BAEK_11657.vcxproj", "{3B30F008-0EA2-47BB-8379-C6202BF3490A}"
EndProject
Project("{8BC9CEB8-8B4A-11D0-8D11-00A0C91BC942}") = "BAEK_1463", "BAEK_1463\BAEK_1463.vcxproj", "{6043B98F-EB5B-469B-B7B0-F54F1A126BDA}"
EndProject
Project("{8BC9CEB8-8B4A-11D0-8D11-00A0C91BC942}") = "p215_low_jumpgame", "solving_strategy\p215_low_jumpgame\p215_low_jumpgame.vcxproj", "{125B3C6B-E4E7-41C7-B4A1-B1AEEF4E5346}"
EndProject
Project("{8BC9CEB8-8B4A-11D0-8D11-00A0C91BC942}") = "p218_inter_wildcard", "solving_strategy\p218_inter_wildcard\p218_inter_wildcard.vcxproj", "{15906D92-FF5E-49F5-ABCA-3CDB40534EBE}"
EndProject
Project("{8BC9CEB8-8B4A-11D0-8D11-00A0C91BC942}") = "BAEK_3613", "BAEK_3613\BAEK_3613.vcxproj", "{0DAFD567-FDC3-4607-B5C4-21B62E8538E4}"
EndProject
Project("{8BC9CEB8-8B4A-11D0-8D11-00A0C91BC942}") = "BAEK_9095", "BAEK_9095\BAEK_9095.vcxproj", "{BACFA61E-3DC5-4579-B747-F6A60A955B6A}"
EndProject
Project("{8BC9CEB8-8B4A-11D0-8D11-00A0C91BC942}") = "BAEK_3055", "BAEK_3055\BAEK_3055.vcxproj", "{15C834A5-17F5-4F5A-9C43-8BE918B48FD2}"
EndProject
Project("{8BC9CEB8-8B4A-11D0-8D11-00A0C91BC942}") = "BAEK_3190", "BAEK_3190\BAEK_3190.vcxproj", "{362B86D7-0B3C-45A1-9A98-65ABE1B54730}"
EndProject
Project("{8BC9CEB8-8B4A-11D0-8D11-00A0C91BC942}") = "BAEK_2217", "BAEK_2217\BAEK_2217.vcxproj", "{C6BAB36D-4449-411F-A0E9-FDA89DCFFD5D}"
EndProject
Project("{8BC9CEB8-8B4A-11D0-8D11-00A0C91BC942}") = "BAEK_3943", "BAEK_3943\BAEK_3943.vcxproj", "{8DFD2F5E-9E43-4915-952B-35436049D046}"
EndProject
Project("{8BC9CEB8-8B4A-11D0-8D11-00A0C91BC942}") = "BAEK_4716", "BAEK_4716\BAEK_4716.vcxproj", "{6098C799-C260-4FD4-B283-C49C72E984E5}"
EndProject
Project("{8BC9CEB8-8B4A-11D0-8D11-00A0C91BC942}") = "BAEK_9935", "BAEK_9935\BAEK_9935.vcxproj", "{A6C49EE7-E8B1-48C9-B5C1-110AE5467F7C}"
EndProject
Project("{8BC9CEB8-8B4A-11D0-8D11-00A0C91BC942}") = "SWEA_5656", "SWEA\SWEA_5656\SWEA_5656.vcxproj", "{27F95495-F6FB-4F83-81E5-8ECC5BEF9D95}"
EndProject
Project("{8BC9CEB8-8B4A-11D0-8D11-00A0C91BC942}") = "UnitTest1", "test\UnitTest1\UnitTest1.vcxproj", "{CA18989C-022A-4125-B998-E2BDE6470D9C}"
EndProject
Project("{8BC9CEB8-8B4A-11D0-8D11-00A0C91BC942}") = "iterator", "design_pattern\iterator\iterator.vcxproj", "{976FDAB8-DEE7-40B7-B374-4203F2ACF5E9}"
EndProject
Project("{8BC9CEB8-8B4A-11D0-8D11-00A0C91BC942}") = "SWEA_5650", "SWEA\SWEA_5650\SWEA_5650.vcxproj", "{A168B9AD-9933-45D4-90A6-07B4BFBD81CD}"
EndProject
Project("{8BC9CEB8-8B4A-11D0-8D11-00A0C91BC942}") = "SWEA_5644", "SWEA\SWEA_5644\SWEA_5644.vcxproj", "{687042E3-BC4A-4BA0-99E2-0B9070DC8436}"
EndProject
Project("{8BC9CEB8-8B4A-11D0-8D11-00A0C91BC942}") = "SWEA_5648", "SWEA\SWEA_5648\SWEA_5648.vcxproj", "{6BBCE149-72EA-4320-A3A2-C797B813B3DA}"
EndProject
Project("{8BC9CEB8-8B4A-11D0-8D11-00A0C91BC942}") = "SWEA_2382", "SWEA\SWEA_2382\SWEA_2382.vcxproj", "{2FCFB3F8-74C8-437B-A307-071CC2F2B1ED}"
EndProject
Global
	GlobalSection(SolutionConfigurationPlatforms) = preSolution
		Debug|x64 = Debug|x64
		Debug|x86 = Debug|x86
		Release|x64 = Release|x64
		Release|x86 = Release|x86
	EndGlobalSection
	GlobalSection(ProjectConfigurationPlatforms) = postSolution
		{029B8F04-A6D7-4507-9A31-1845230CEAB8}.Debug|x64.ActiveCfg = Debug|x64
		{029B8F04-A6D7-4507-9A31-1845230CEAB8}.Debug|x64.Build.0 = Debug|x64
		{029B8F04-A6D7-4507-9A31-1845230CEAB8}.Debug|x86.ActiveCfg = Debug|Win32
		{029B8F04-A6D7-4507-9A31-1845230CEAB8}.Debug|x86.Build.0 = Debug|Win32
		{029B8F04-A6D7-4507-9A31-1845230CEAB8}.Release|x64.ActiveCfg = Release|x64
		{029B8F04-A6D7-4507-9A31-1845230CEAB8}.Release|x64.Build.0 = Release|x64
		{029B8F04-A6D7-4507-9A31-1845230CEAB8}.Release|x86.ActiveCfg = Release|Win32
		{029B8F04-A6D7-4507-9A31-1845230CEAB8}.Release|x86.Build.0 = Release|Win32
		{7D426380-003F-47FB-A959-174B85A89FFA}.Debug|x64.ActiveCfg = Debug|x64
		{7D426380-003F-47FB-A959-174B85A89FFA}.Debug|x64.Build.0 = Debug|x64
		{7D426380-003F-47FB-A959-174B85A89FFA}.Debug|x86.ActiveCfg = Debug|Win32
		{7D426380-003F-47FB-A959-174B85A89FFA}.Debug|x86.Build.0 = Debug|Win32
		{7D426380-003F-47FB-A959-174B85A89FFA}.Release|x64.ActiveCfg = Release|x64
		{7D426380-003F-47FB-A959-174B85A89FFA}.Release|x64.Build.0 = Release|x64
		{7D426380-003F-47FB-A959-174B85A89FFA}.Release|x86.ActiveCfg = Release|Win32
		{7D426380-003F-47FB-A959-174B85A89FFA}.Release|x86.Build.0 = Release|Win32
		{77A7AE46-512E-4F04-AAA7-922F14D388BA}.Debug|x64.ActiveCfg = Debug|x64
		{77A7AE46-512E-4F04-AAA7-922F14D388BA}.Debug|x64.Build.0 = Debug|x64
		{77A7AE46-512E-4F04-AAA7-922F14D388BA}.Debug|x86.ActiveCfg = Debug|Win32
		{77A7AE46-512E-4F04-AAA7-922F14D388BA}.Debug|x86.Build.0 = Debug|Win32
		{77A7AE46-512E-4F04-AAA7-922F14D388BA}.Release|x64.ActiveCfg = Release|x64
		{77A7AE46-512E-4F04-AAA7-922F14D388BA}.Release|x64.Build.0 = Release|x64
		{77A7AE46-512E-4F04-AAA7-922F14D388BA}.Release|x86.ActiveCfg = Release|Win32
		{77A7AE46-512E-4F04-AAA7-922F14D388BA}.Release|x86.Build.0 = Release|Win32
		{47001BED-D891-4477-85E8-E338456EFD09}.Debug|x64.ActiveCfg = Debug|x64
		{47001BED-D891-4477-85E8-E338456EFD09}.Debug|x64.Build.0 = Debug|x64
		{47001BED-D891-4477-85E8-E338456EFD09}.Debug|x86.ActiveCfg = Debug|Win32
		{47001BED-D891-4477-85E8-E338456EFD09}.Debug|x86.Build.0 = Debug|Win32
		{47001BED-D891-4477-85E8-E338456EFD09}.Release|x64.ActiveCfg = Release|x64
		{47001BED-D891-4477-85E8-E338456EFD09}.Release|x64.Build.0 = Release|x64
		{47001BED-D891-4477-85E8-E338456EFD09}.Release|x86.ActiveCfg = Release|Win32
		{47001BED-D891-4477-85E8-E338456EFD09}.Release|x86.Build.0 = Release|Win32
		{7DD28C26-A8AB-4F0C-AA6A-085942C3D56B}.Debug|x64.ActiveCfg = Debug|x64
		{7DD28C26-A8AB-4F0C-AA6A-085942C3D56B}.Debug|x64.Build.0 = Debug|x64
		{7DD28C26-A8AB-4F0C-AA6A-085942C3D56B}.Debug|x86.ActiveCfg = Debug|Win32
		{7DD28C26-A8AB-4F0C-AA6A-085942C3D56B}.Debug|x86.Build.0 = Debug|Win32
		{7DD28C26-A8AB-4F0C-AA6A-085942C3D56B}.Release|x64.ActiveCfg = Release|x64
		{7DD28C26-A8AB-4F0C-AA6A-085942C3D56B}.Release|x64.Build.0 = Release|x64
		{7DD28C26-A8AB-4F0C-AA6A-085942C3D56B}.Release|x86.ActiveCfg = Release|Win32
		{7DD28C26-A8AB-4F0C-AA6A-085942C3D56B}.Release|x86.Build.0 = Release|Win32
		{B3E9DAD7-2A89-4068-9E76-A1698B691E8B}.Debug|x64.ActiveCfg = Debug|x64
		{B3E9DAD7-2A89-4068-9E76-A1698B691E8B}.Debug|x64.Build.0 = Debug|x64
		{B3E9DAD7-2A89-4068-9E76-A1698B691E8B}.Debug|x86.ActiveCfg = Debug|Win32
		{B3E9DAD7-2A89-4068-9E76-A1698B691E8B}.Debug|x86.Build.0 = Debug|Win32
		{B3E9DAD7-2A89-4068-9E76-A1698B691E8B}.Release|x64.ActiveCfg = Release|x64
		{B3E9DAD7-2A89-4068-9E76-A1698B691E8B}.Release|x64.Build.0 = Release|x64
		{B3E9DAD7-2A89-4068-9E76-A1698B691E8B}.Release|x86.ActiveCfg = Release|Win32
		{B3E9DAD7-2A89-4068-9E76-A1698B691E8B}.Release|x86.Build.0 = Release|Win32
		{C4DAA2B0-4A9E-4C6C-A4AA-5268F5FBBCEF}.Debug|x64.ActiveCfg = Debug|x64
		{C4DAA2B0-4A9E-4C6C-A4AA-5268F5FBBCEF}.Debug|x64.Build.0 = Debug|x64
		{C4DAA2B0-4A9E-4C6C-A4AA-5268F5FBBCEF}.Debug|x86.ActiveCfg = Debug|Win32
		{C4DAA2B0-4A9E-4C6C-A4AA-5268F5FBBCEF}.Debug|x86.Build.0 = Debug|Win32
		{C4DAA2B0-4A9E-4C6C-A4AA-5268F5FBBCEF}.Release|x64.ActiveCfg = Release|x64
		{C4DAA2B0-4A9E-4C6C-A4AA-5268F5FBBCEF}.Release|x64.Build.0 = Release|x64
		{C4DAA2B0-4A9E-4C6C-A4AA-5268F5FBBCEF}.Release|x86.ActiveCfg = Release|Win32
		{C4DAA2B0-4A9E-4C6C-A4AA-5268F5FBBCEF}.Release|x86.Build.0 = Release|Win32
		{6E98EA7C-ECA3-4A01-A08E-A00FB559D400}.Debug|x64.ActiveCfg = Debug|x64
		{6E98EA7C-ECA3-4A01-A08E-A00FB559D400}.Debug|x64.Build.0 = Debug|x64
		{6E98EA7C-ECA3-4A01-A08E-A00FB559D400}.Debug|x86.ActiveCfg = Debug|Win32
		{6E98EA7C-ECA3-4A01-A08E-A00FB559D400}.Debug|x86.Build.0 = Debug|Win32
		{6E98EA7C-ECA3-4A01-A08E-A00FB559D400}.Release|x64.ActiveCfg = Release|x64
		{6E98EA7C-ECA3-4A01-A08E-A00FB559D400}.Release|x64.Build.0 = Release|x64
		{6E98EA7C-ECA3-4A01-A08E-A00FB559D400}.Release|x86.ActiveCfg = Release|Win32
		{6E98EA7C-ECA3-4A01-A08E-A00FB559D400}.Release|x86.Build.0 = Release|Win32
		{FE4EDB1E-34F4-46A4-B2FF-2E2FCA0596CC}.Debug|x64.ActiveCfg = Debug|x64
		{FE4EDB1E-34F4-46A4-B2FF-2E2FCA0596CC}.Debug|x64.Build.0 = Debug|x64
		{FE4EDB1E-34F4-46A4-B2FF-2E2FCA0596CC}.Debug|x86.ActiveCfg = Debug|Win32
		{FE4EDB1E-34F4-46A4-B2FF-2E2FCA0596CC}.Debug|x86.Build.0 = Debug|Win32
		{FE4EDB1E-34F4-46A4-B2FF-2E2FCA0596CC}.Release|x64.ActiveCfg = Release|x64
		{FE4EDB1E-34F4-46A4-B2FF-2E2FCA0596CC}.Release|x64.Build.0 = Release|x64
		{FE4EDB1E-34F4-46A4-B2FF-2E2FCA0596CC}.Release|x86.ActiveCfg = Release|Win32
		{FE4EDB1E-34F4-46A4-B2FF-2E2FCA0596CC}.Release|x86.Build.0 = Release|Win32
		{3B30F008-0EA2-47BB-8379-C6202BF3490A}.Debug|x64.ActiveCfg = Debug|x64
		{3B30F008-0EA2-47BB-8379-C6202BF3490A}.Debug|x64.Build.0 = Debug|x64
		{3B30F008-0EA2-47BB-8379-C6202BF3490A}.Debug|x86.ActiveCfg = Debug|Win32
		{3B30F008-0EA2-47BB-8379-C6202BF3490A}.Debug|x86.Build.0 = Debug|Win32
		{3B30F008-0EA2-47BB-8379-C6202BF3490A}.Release|x64.ActiveCfg = Release|x64
		{3B30F008-0EA2-47BB-8379-C6202BF3490A}.Release|x64.Build.0 = Release|x64
		{3B30F008-0EA2-47BB-8379-C6202BF3490A}.Release|x86.ActiveCfg = Release|Win32
		{3B30F008-0EA2-47BB-8379-C6202BF3490A}.Release|x86.Build.0 = Release|Win32
		{6043B98F-EB5B-469B-B7B0-F54F1A126BDA}.Debug|x64.ActiveCfg = Debug|x64
		{6043B98F-EB5B-469B-B7B0-F54F1A126BDA}.Debug|x64.Build.0 = Debug|x64
		{6043B98F-EB5B-469B-B7B0-F54F1A126BDA}.Debug|x86.ActiveCfg = Debug|Win32
		{6043B98F-EB5B-469B-B7B0-F54F1A126BDA}.Debug|x86.Build.0 = Debug|Win32
		{6043B98F-EB5B-469B-B7B0-F54F1A126BDA}.Release|x64.ActiveCfg = Release|x64
		{6043B98F-EB5B-469B-B7B0-F54F1A126BDA}.Release|x64.Build.0 = Release|x64
		{6043B98F-EB5B-469B-B7B0-F54F1A126BDA}.Release|x86.ActiveCfg = Release|Win32
		{6043B98F-EB5B-469B-B7B0-F54F1A126BDA}.Release|x86.Build.0 = Release|Win32
		{125B3C6B-E4E7-41C7-B4A1-B1AEEF4E5346}.Debug|x64.ActiveCfg = Debug|x64
		{125B3C6B-E4E7-41C7-B4A1-B1AEEF4E5346}.Debug|x64.Build.0 = Debug|x64
		{125B3C6B-E4E7-41C7-B4A1-B1AEEF4E5346}.Debug|x86.ActiveCfg = Debug|Win32
		{125B3C6B-E4E7-41C7-B4A1-B1AEEF4E5346}.Debug|x86.Build.0 = Debug|Win32
		{125B3C6B-E4E7-41C7-B4A1-B1AEEF4E5346}.Release|x64.ActiveCfg = Release|x64
		{125B3C6B-E4E7-41C7-B4A1-B1AEEF4E5346}.Release|x64.Build.0 = Release|x64
		{125B3C6B-E4E7-41C7-B4A1-B1AEEF4E5346}.Release|x86.ActiveCfg = Release|Win32
		{125B3C6B-E4E7-41C7-B4A1-B1AEEF4E5346}.Release|x86.Build.0 = Release|Win32
		{15906D92-FF5E-49F5-ABCA-3CDB40534EBE}.Debug|x64.ActiveCfg = Debug|x64
		{15906D92-FF5E-49F5-ABCA-3CDB40534EBE}.Debug|x64.Build.0 = Debug|x64
		{15906D92-FF5E-49F5-ABCA-3CDB40534EBE}.Debug|x86.ActiveCfg = Debug|Win32
		{15906D92-FF5E-49F5-ABCA-3CDB40534EBE}.Debug|x86.Build.0 = Debug|Win32
		{15906D92-FF5E-49F5-ABCA-3CDB40534EBE}.Release|x64.ActiveCfg = Release|x64
		{15906D92-FF5E-49F5-ABCA-3CDB40534EBE}.Release|x64.Build.0 = Release|x64
		{15906D92-FF5E-49F5-ABCA-3CDB40534EBE}.Release|x86.ActiveCfg = Release|Win32
		{15906D92-FF5E-49F5-ABCA-3CDB40534EBE}.Release|x86.Build.0 = Release|Win32
		{0DAFD567-FDC3-4607-B5C4-21B62E8538E4}.Debug|x64.ActiveCfg = Debug|x64
		{0DAFD567-FDC3-4607-B5C4-21B62E8538E4}.Debug|x64.Build.0 = Debug|x64
		{0DAFD567-FDC3-4607-B5C4-21B62E8538E4}.Debug|x86.ActiveCfg = Debug|Win32
		{0DAFD567-FDC3-4607-B5C4-21B62E8538E4}.Debug|x86.Build.0 = Debug|Win32
		{0DAFD567-FDC3-4607-B5C4-21B62E8538E4}.Release|x64.ActiveCfg = Release|x64
		{0DAFD567-FDC3-4607-B5C4-21B62E8538E4}.Release|x64.Build.0 = Release|x64
		{0DAFD567-FDC3-4607-B5C4-21B62E8538E4}.Release|x86.ActiveCfg = Release|Win32
		{0DAFD567-FDC3-4607-B5C4-21B62E8538E4}.Release|x86.Build.0 = Release|Win32
		{BACFA61E-3DC5-4579-B747-F6A60A955B6A}.Debug|x64.ActiveCfg = Debug|x64
		{BACFA61E-3DC5-4579-B747-F6A60A955B6A}.Debug|x64.Build.0 = Debug|x64
		{BACFA61E-3DC5-4579-B747-F6A60A955B6A}.Debug|x86.ActiveCfg = Debug|Win32
		{BACFA61E-3DC5-4579-B747-F6A60A955B6A}.Debug|x86.Build.0 = Debug|Win32
		{BACFA61E-3DC5-4579-B747-F6A60A955B6A}.Release|x64.ActiveCfg = Release|x64
		{BACFA61E-3DC5-4579-B747-F6A60A955B6A}.Release|x64.Build.0 = Release|x64
		{BACFA61E-3DC5-4579-B747-F6A60A955B6A}.Release|x86.ActiveCfg = Release|Win32
		{BACFA61E-3DC5-4579-B747-F6A60A955B6A}.Release|x86.Build.0 = Release|Win32
		{15C834A5-17F5-4F5A-9C43-8BE918B48FD2}.Debug|x64.ActiveCfg = Debug|x64
		{15C834A5-17F5-4F5A-9C43-8BE918B48FD2}.Debug|x64.Build.0 = Debug|x64
		{15C834A5-17F5-4F5A-9C43-8BE918B48FD2}.Debug|x86.ActiveCfg = Debug|Win32
		{15C834A5-17F5-4F5A-9C43-8BE918B48FD2}.Debug|x86.Build.0 = Debug|Win32
		{15C834A5-17F5-4F5A-9C43-8BE918B48FD2}.Release|x64.ActiveCfg = Release|x64
		{15C834A5-17F5-4F5A-9C43-8BE918B48FD2}.Release|x64.Build.0 = Release|x64
		{15C834A5-17F5-4F5A-9C43-8BE918B48FD2}.Release|x86.ActiveCfg = Release|Win32
		{15C834A5-17F5-4F5A-9C43-8BE918B48FD2}.Release|x86.Build.0 = Release|Win32
		{362B86D7-0B3C-45A1-9A98-65ABE1B54730}.Debug|x64.ActiveCfg = Debug|x64
		{362B86D7-0B3C-45A1-9A98-65ABE1B54730}.Debug|x64.Build.0 = Debug|x64
		{362B86D7-0B3C-45A1-9A98-65ABE1B54730}.Debug|x86.ActiveCfg = Debug|Win32
		{362B86D7-0B3C-45A1-9A98-65ABE1B54730}.Debug|x86.Build.0 = Debug|Win32
		{362B86D7-0B3C-45A1-9A98-65ABE1B54730}.Release|x64.ActiveCfg = Release|x64
		{362B86D7-0B3C-45A1-9A98-65ABE1B54730}.Release|x64.Build.0 = Release|x64
		{362B86D7-0B3C-45A1-9A98-65ABE1B54730}.Release|x86.ActiveCfg = Release|Win32
		{362B86D7-0B3C-45A1-9A98-65ABE1B54730}.Release|x86.Build.0 = Release|Win32
		{C6BAB36D-4449-411F-A0E9-FDA89DCFFD5D}.Debug|x64.ActiveCfg = Debug|x64
		{C6BAB36D-4449-411F-A0E9-FDA89DCFFD5D}.Debug|x64.Build.0 = Debug|x64
		{C6BAB36D-4449-411F-A0E9-FDA89DCFFD5D}.Debug|x86.ActiveCfg = Debug|Win32
		{C6BAB36D-4449-411F-A0E9-FDA89DCFFD5D}.Debug|x86.Build.0 = Debug|Win32
		{C6BAB36D-4449-411F-A0E9-FDA89DCFFD5D}.Release|x64.ActiveCfg = Release|x64
		{C6BAB36D-4449-411F-A0E9-FDA89DCFFD5D}.Release|x64.Build.0 = Release|x64
		{C6BAB36D-4449-411F-A0E9-FDA89DCFFD5D}.Release|x86.ActiveCfg = Release|Win32
		{C6BAB36D-4449-411F-A0E9-FDA89DCFFD5D}.Release|x86.Build.0 = Release|Win32
		{8DFD2F5E-9E43-4915-952B-35436049D046}.Debug|x64.ActiveCfg = Debug|x64
		{8DFD2F5E-9E43-4915-952B-35436049D046}.Debug|x64.Build.0 = Debug|x64
		{8DFD2F5E-9E43-4915-952B-35436049D046}.Debug|x86.ActiveCfg = Debug|Win32
		{8DFD2F5E-9E43-4915-952B-35436049D046}.Debug|x86.Build.0 = Debug|Win32
		{8DFD2F5E-9E43-4915-952B-35436049D046}.Release|x64.ActiveCfg = Release|x64
		{8DFD2F5E-9E43-4915-952B-35436049D046}.Release|x64.Build.0 = Release|x64
		{8DFD2F5E-9E43-4915-952B-35436049D046}.Release|x86.ActiveCfg = Release|Win32
		{8DFD2F5E-9E43-4915-952B-35436049D046}.Release|x86.Build.0 = Release|Win32
		{6098C799-C260-4FD4-B283-C49C72E984E5}.Debug|x64.ActiveCfg = Debug|x64
		{6098C799-C260-4FD4-B283-C49C72E984E5}.Debug|x64.Build.0 = Debug|x64
		{6098C799-C260-4FD4-B283-C49C72E984E5}.Debug|x86.ActiveCfg = Debug|Win32
		{6098C799-C260-4FD4-B283-C49C72E984E5}.Debug|x86.Build.0 = Debug|Win32
		{6098C799-C260-4FD4-B283-C49C72E984E5}.Release|x64.ActiveCfg = Release|x64
		{6098C799-C260-4FD4-B283-C49C72E984E5}.Release|x64.Build.0 = Release|x64
		{6098C799-C260-4FD4-B283-C49C72E984E5}.Release|x86.ActiveCfg = Release|Win32
		{6098C799-C260-4FD4-B283-C49C72E984E5}.Release|x86.Build.0 = Release|Win32
		{A6C49EE7-E8B1-48C9-B5C1-110AE5467F7C}.Debug|x64.ActiveCfg = Debug|x64
		{A6C49EE7-E8B1-48C9-B5C1-110AE5467F7C}.Debug|x64.Build.0 = Debug|x64
		{A6C49EE7-E8B1-48C9-B5C1-110AE5467F7C}.Debug|x86.ActiveCfg = Debug|Win32
		{A6C49EE7-E8B1-48C9-B5C1-110AE5467F7C}.Debug|x86.Build.0 = Debug|Win32
		{A6C49EE7-E8B1-48C9-B5C1-110AE5467F7C}.Release|x64.ActiveCfg = Release|x64
		{A6C49EE7-E8B1-48C9-B5C1-110AE5467F7C}.Release|x64.Build.0 = Release|x64
		{A6C49EE7-E8B1-48C9-B5C1-110AE5467F7C}.Release|x86.ActiveCfg = Release|Win32
		{A6C49EE7-E8B1-48C9-B5C1-110AE5467F7C}.Release|x86.Build.0 = Release|Win32
		{27F95495-F6FB-4F83-81E5-8ECC5BEF9D95}.Debug|x64.ActiveCfg = Debug|x64
		{27F95495-F6FB-4F83-81E5-8ECC5BEF9D95}.Debug|x64.Build.0 = Debug|x64
		{27F95495-F6FB-4F83-81E5-8ECC5BEF9D95}.Debug|x86.ActiveCfg = Debug|Win32
		{27F95495-F6FB-4F83-81E5-8ECC5BEF9D95}.Debug|x86.Build.0 = Debug|Win32
		{27F95495-F6FB-4F83-81E5-8ECC5BEF9D95}.Release|x64.ActiveCfg = Release|x64
		{27F95495-F6FB-4F83-81E5-8ECC5BEF9D95}.Release|x64.Build.0 = Release|x64
		{27F95495-F6FB-4F83-81E5-8ECC5BEF9D95}.Release|x86.ActiveCfg = Release|Win32
		{27F95495-F6FB-4F83-81E5-8ECC5BEF9D95}.Release|x86.Build.0 = Release|Win32
		{CA18989C-022A-4125-B998-E2BDE6470D9C}.Debug|x64.ActiveCfg = Debug|x64
		{CA18989C-022A-4125-B998-E2BDE6470D9C}.Debug|x64.Build.0 = Debug|x64
		{CA18989C-022A-4125-B998-E2BDE6470D9C}.Debug|x86.ActiveCfg = Debug|Win32
		{CA18989C-022A-4125-B998-E2BDE6470D9C}.Debug|x86.Build.0 = Debug|Win32
		{CA18989C-022A-4125-B998-E2BDE6470D9C}.Release|x64.ActiveCfg = Release|x64
		{CA18989C-022A-4125-B998-E2BDE6470D9C}.Release|x64.Build.0 = Release|x64
		{CA18989C-022A-4125-B998-E2BDE6470D9C}.Release|x86.ActiveCfg = Release|Win32
		{CA18989C-022A-4125-B998-E2BDE6470D9C}.Release|x86.Build.0 = Release|Win32
		{976FDAB8-DEE7-40B7-B374-4203F2ACF5E9}.Debug|x64.ActiveCfg = Debug|x64
		{976FDAB8-DEE7-40B7-B374-4203F2ACF5E9}.Debug|x64.Build.0 = Debug|x64
		{976FDAB8-DEE7-40B7-B374-4203F2ACF5E9}.Debug|x86.ActiveCfg = Debug|Win32
		{976FDAB8-DEE7-40B7-B374-4203F2ACF5E9}.Debug|x86.Build.0 = Debug|Win32
		{976FDAB8-DEE7-40B7-B374-4203F2ACF5E9}.Release|x64.ActiveCfg = Release|x64
		{976FDAB8-DEE7-40B7-B374-4203F2ACF5E9}.Release|x64.Build.0 = Release|x64
		{976FDAB8-DEE7-40B7-B374-4203F2ACF5E9}.Release|x86.ActiveCfg = Release|Win32
		{976FDAB8-DEE7-40B7-B374-4203F2ACF5E9}.Release|x86.Build.0 = Release|Win32
		{A168B9AD-9933-45D4-90A6-07B4BFBD81CD}.Debug|x64.ActiveCfg = Debug|x64
		{A168B9AD-9933-45D4-90A6-07B4BFBD81CD}.Debug|x64.Build.0 = Debug|x64
		{A168B9AD-9933-45D4-90A6-07B4BFBD81CD}.Debug|x86.ActiveCfg = Debug|Win32
		{A168B9AD-9933-45D4-90A6-07B4BFBD81CD}.Debug|x86.Build.0 = Debug|Win32
		{A168B9AD-9933-45D4-90A6-07B4BFBD81CD}.Release|x64.ActiveCfg = Release|x64
		{A168B9AD-9933-45D4-90A6-07B4BFBD81CD}.Release|x64.Build.0 = Release|x64
		{A168B9AD-9933-45D4-90A6-07B4BFBD81CD}.Release|x86.ActiveCfg = Release|Win32
		{A168B9AD-9933-45D4-90A6-07B4BFBD81CD}.Release|x86.Build.0 = Release|Win32
		{687042E3-BC4A-4BA0-99E2-0B9070DC8436}.Debug|x64.ActiveCfg = Debug|x64
		{687042E3-BC4A-4BA0-99E2-0B9070DC8436}.Debug|x64.Build.0 = Debug|x64
		{687042E3-BC4A-4BA0-99E2-0B9070DC8436}.Debug|x86.ActiveCfg = Debug|Win32
		{687042E3-BC4A-4BA0-99E2-0B9070DC8436}.Debug|x86.Build.0 = Debug|Win32
		{687042E3-BC4A-4BA0-99E2-0B9070DC8436}.Release|x64.ActiveCfg = Release|x64
		{687042E3-BC4A-4BA0-99E2-0B9070DC8436}.Release|x64.Build.0 = Release|x64
		{687042E3-BC4A-4BA0-99E2-0B9070DC8436}.Release|x86.ActiveCfg = Release|Win32
		{687042E3-BC4A-4BA0-99E2-0B9070DC8436}.Release|x86.Build.0 = Release|Win32
		{6BBCE149-72EA-4320-A3A2-C797B813B3DA}.Debug|x64.ActiveCfg = Debug|x64
		{6BBCE149-72EA-4320-A3A2-C797B813B3DA}.Debug|x64.Build.0 = Debug|x64
		{6BBCE149-72EA-4320-A3A2-C797B813B3DA}.Debug|x86.ActiveCfg = Debug|Win32
		{6BBCE149-72EA-4320-A3A2-C797B813B3DA}.Debug|x86.Build.0 = Debug|Win32
		{6BBCE149-72EA-4320-A3A2-C797B813B3DA}.Release|x64.ActiveCfg = Release|x64
		{6BBCE149-72EA-4320-A3A2-C797B813B3DA}.Release|x64.Build.0 = Release|x64
		{6BBCE149-72EA-4320-A3A2-C797B813B3DA}.Release|x86.ActiveCfg = Release|Win32
		{6BBCE149-72EA-4320-A3A2-C797B813B3DA}.Release|x86.Build.0 = Release|Win32
		{2FCFB3F8-74C8-437B-A307-071CC2F2B1ED}.Debug|x64.ActiveCfg = Debug|x64
		{2FCFB3F8-74C8-437B-A307-071CC2F2B1ED}.Debug|x64.Build.0 = Debug|x64
		{2FCFB3F8-74C8-437B-A307-071CC2F2B1ED}.Debug|x86.ActiveCfg = Debug|Win32
		{2FCFB3F8-74C8-437B-A307-071CC2F2B1ED}.Debug|x86.Build.0 = Debug|Win32
		{2FCFB3F8-74C8-437B-A307-071CC2F2B1ED}.Release|x64.ActiveCfg = Release|x64
		{2FCFB3F8-74C8-437B-A307-071CC2F2B1ED}.Release|x64.Build.0 = Release|x64
		{2FCFB3F8-74C8-437B-A307-071CC2F2B1ED}.Release|x86.ActiveCfg = Release|Win32
		{2FCFB3F8-74C8-437B-A307-071CC2F2B1ED}.Release|x86.Build.0 = Release|Win32
	EndGlobalSection
	GlobalSection(SolutionProperties) = preSolution
		HideSolutionNode = FALSE
	EndGlobalSection
	GlobalSection(ExtensibilityGlobals) = postSolution
		SolutionGuid = {02BC45F4-6210-4283-A94A-5E13D4E15393}
	EndGlobalSection
EndGlobal
