
Microsoft Visual Studio Solution File, Format Version 12.00
# Visual Studio 15
VisualStudioVersion = 15.0.27703.2035
MinimumVisualStudioVersion = 10.0.40219.1
Project("{8BC9CEB8-8B4A-11D0-8D11-00A0C91BC942}") = "BAEK_2606", "BAEK_2606\BAEK_2606.vcxproj", "{029B8F04-A6D7-4507-9A31-1845230CEAB8}"
EndProject
Project("{8BC9CEB8-8B4A-11D0-8D11-00A0C91BC942}") = "BAEK_2667", "BAEK_2667\BAEK_2667.vcxproj", "{7D426380-003F-47FB-A959-174B85A89FFA}"
EndProject
Project("{8BC9CEB8-8B4A-11D0-8D11-00A0C91BC942}") = "BAEK_10216", "BAEK_10216\BAEK_10216.vcxproj", "{77A7AE46-512E-4F04-AAA7-922F14D388BA}"
EndProject
Project("{8BC9CEB8-8B4A-11D0-8D11-00A0C91BC942}") = "BAEK_1890", "BAEK_1890\BAEK_1890.vcxproj", "{47001BED-D891-4477-85E8-E338456EFD09}"
EndProject
Project("{8BC9CEB8-8B4A-11D0-8D11-00A0C91BC942}") = "BAEK_1325", "BAEK_1325\BAEK_1325.vcxproj", "{7DD28C26-A8AB-4F0C-AA6A-085942C3D56B}"
EndProject
Project("{8BC9CEB8-8B4A-11D0-8D11-00A0C91BC942}") = "BAEK_10451", "BAEK_10451\BAEK_10451.vcxproj", "{B3E9DAD7-2A89-4068-9E76-A1698B691E8B}"
EndProject
Project("{8BC9CEB8-8B4A-11D0-8D11-00A0C91BC942}") = "BAEK_1516", "BAEK_1516\BAEK_1516.vcxproj", "{C4DAA2B0-4A9E-4C6C-A4AA-5268F5FBBCEF}"
EndProject
Project("{8BC9CEB8-8B4A-11D0-8D11-00A0C91BC942}") = "tmo_practice", "tmo_practice\tmo_practice.vcxproj", "{6E98EA7C-ECA3-4A01-A08E-A00FB559D400}"
EndProject
Project("{8BC9CEB8-8B4A-11D0-8D11-00A0C91BC942}") = "BAEK_1504", "BAEK_1504\BAEK_1504.vcxproj", "{FE4EDB1E-34F4-46A4-B2FF-2E2FCA0596CC}"
EndProject
Global
	GlobalSection(SolutionConfigurationPlatforms) = preSolution
		Debug|x64 = Debug|x64
		Debug|x86 = Debug|x86
		Release|x64 = Release|x64
		Release|x86 = Release|x86
	EndGlobalSection
	GlobalSection(ProjectConfigurationPlatforms) = postSolution
		{029B8F04-A6D7-4507-9A31-1845230CEAB8}.Debug|x64.ActiveCfg = Debug|x64
		{029B8F04-A6D7-4507-9A31-1845230CEAB8}.Debug|x64.Build.0 = Debug|x64
		{029B8F04-A6D7-4507-9A31-1845230CEAB8}.Debug|x86.ActiveCfg = Debug|Win32
		{029B8F04-A6D7-4507-9A31-1845230CEAB8}.Debug|x86.Build.0 = Debug|Win32
		{029B8F04-A6D7-4507-9A31-1845230CEAB8}.Release|x64.ActiveCfg = Release|x64
		{029B8F04-A6D7-4507-9A31-1845230CEAB8}.Release|x64.Build.0 = Release|x64
		{029B8F04-A6D7-4507-9A31-1845230CEAB8}.Release|x86.ActiveCfg = Release|Win32
		{029B8F04-A6D7-4507-9A31-1845230CEAB8}.Release|x86.Build.0 = Release|Win32
		{7D426380-003F-47FB-A959-174B85A89FFA}.Debug|x64.ActiveCfg = Debug|x64
		{7D426380-003F-47FB-A959-174B85A89FFA}.Debug|x64.Build.0 = Debug|x64
		{7D426380-003F-47FB-A959-174B85A89FFA}.Debug|x86.ActiveCfg = Debug|Win32
		{7D426380-003F-47FB-A959-174B85A89FFA}.Debug|x86.Build.0 = Debug|Win32
		{7D426380-003F-47FB-A959-174B85A89FFA}.Release|x64.ActiveCfg = Release|x64
		{7D426380-003F-47FB-A959-174B85A89FFA}.Release|x64.Build.0 = Release|x64
		{7D426380-003F-47FB-A959-174B85A89FFA}.Release|x86.ActiveCfg = Release|Win32
		{7D426380-003F-47FB-A959-174B85A89FFA}.Release|x86.Build.0 = Release|Win32
		{77A7AE46-512E-4F04-AAA7-922F14D388BA}.Debug|x64.ActiveCfg = Debug|x64
		{77A7AE46-512E-4F04-AAA7-922F14D388BA}.Debug|x64.Build.0 = Debug|x64
		{77A7AE46-512E-4F04-AAA7-922F14D388BA}.Debug|x86.ActiveCfg = Debug|Win32
		{77A7AE46-512E-4F04-AAA7-922F14D388BA}.Debug|x86.Build.0 = Debug|Win32
		{77A7AE46-512E-4F04-AAA7-922F14D388BA}.Release|x64.ActiveCfg = Release|x64
		{77A7AE46-512E-4F04-AAA7-922F14D388BA}.Release|x64.Build.0 = Release|x64
		{77A7AE46-512E-4F04-AAA7-922F14D388BA}.Release|x86.ActiveCfg = Release|Win32
		{77A7AE46-512E-4F04-AAA7-922F14D388BA}.Release|x86.Build.0 = Release|Win32
		{47001BED-D891-4477-85E8-E338456EFD09}.Debug|x64.ActiveCfg = Debug|x64
		{47001BED-D891-4477-85E8-E338456EFD09}.Debug|x64.Build.0 = Debug|x64
		{47001BED-D891-4477-85E8-E338456EFD09}.Debug|x86.ActiveCfg = Debug|Win32
		{47001BED-D891-4477-85E8-E338456EFD09}.Debug|x86.Build.0 = Debug|Win32
		{47001BED-D891-4477-85E8-E338456EFD09}.Release|x64.ActiveCfg = Release|x64
		{47001BED-D891-4477-85E8-E338456EFD09}.Release|x64.Build.0 = Release|x64
		{47001BED-D891-4477-85E8-E338456EFD09}.Release|x86.ActiveCfg = Release|Win32
		{47001BED-D891-4477-85E8-E338456EFD09}.Release|x86.Build.0 = Release|Win32
		{7DD28C26-A8AB-4F0C-AA6A-085942C3D56B}.Debug|x64.ActiveCfg = Debug|x64
		{7DD28C26-A8AB-4F0C-AA6A-085942C3D56B}.Debug|x64.Build.0 = Debug|x64
		{7DD28C26-A8AB-4F0C-AA6A-085942C3D56B}.Debug|x86.ActiveCfg = Debug|Win32
		{7DD28C26-A8AB-4F0C-AA6A-085942C3D56B}.Debug|x86.Build.0 = Debug|Win32
		{7DD28C26-A8AB-4F0C-AA6A-085942C3D56B}.Release|x64.ActiveCfg = Release|x64
		{7DD28C26-A8AB-4F0C-AA6A-085942C3D56B}.Release|x64.Build.0 = Release|x64
		{7DD28C26-A8AB-4F0C-AA6A-085942C3D56B}.Release|x86.ActiveCfg = Release|Win32
		{7DD28C26-A8AB-4F0C-AA6A-085942C3D56B}.Release|x86.Build.0 = Release|Win32
		{B3E9DAD7-2A89-4068-9E76-A1698B691E8B}.Debug|x64.ActiveCfg = Debug|x64
		{B3E9DAD7-2A89-4068-9E76-A1698B691E8B}.Debug|x64.Build.0 = Debug|x64
		{B3E9DAD7-2A89-4068-9E76-A1698B691E8B}.Debug|x86.ActiveCfg = Debug|Win32
		{B3E9DAD7-2A89-4068-9E76-A1698B691E8B}.Debug|x86.Build.0 = Debug|Win32
		{B3E9DAD7-2A89-4068-9E76-A1698B691E8B}.Release|x64.ActiveCfg = Release|x64
		{B3E9DAD7-2A89-4068-9E76-A1698B691E8B}.Release|x64.Build.0 = Release|x64
		{B3E9DAD7-2A89-4068-9E76-A1698B691E8B}.Release|x86.ActiveCfg = Release|Win32
		{B3E9DAD7-2A89-4068-9E76-A1698B691E8B}.Release|x86.Build.0 = Release|Win32
		{C4DAA2B0-4A9E-4C6C-A4AA-5268F5FBBCEF}.Debug|x64.ActiveCfg = Debug|x64
		{C4DAA2B0-4A9E-4C6C-A4AA-5268F5FBBCEF}.Debug|x64.Build.0 = Debug|x64
		{C4DAA2B0-4A9E-4C6C-A4AA-5268F5FBBCEF}.Debug|x86.ActiveCfg = Debug|Win32
		{C4DAA2B0-4A9E-4C6C-A4AA-5268F5FBBCEF}.Debug|x86.Build.0 = Debug|Win32
		{C4DAA2B0-4A9E-4C6C-A4AA-5268F5FBBCEF}.Release|x64.ActiveCfg = Release|x64
		{C4DAA2B0-4A9E-4C6C-A4AA-5268F5FBBCEF}.Release|x64.Build.0 = Release|x64
		{C4DAA2B0-4A9E-4C6C-A4AA-5268F5FBBCEF}.Release|x86.ActiveCfg = Release|Win32
		{C4DAA2B0-4A9E-4C6C-A4AA-5268F5FBBCEF}.Release|x86.Build.0 = Release|Win32
		{6E98EA7C-ECA3-4A01-A08E-A00FB559D400}.Debug|x64.ActiveCfg = Debug|x64
		{6E98EA7C-ECA3-4A01-A08E-A00FB559D400}.Debug|x64.Build.0 = Debug|x64
		{6E98EA7C-ECA3-4A01-A08E-A00FB559D400}.Debug|x86.ActiveCfg = Debug|Win32
		{6E98EA7C-ECA3-4A01-A08E-A00FB559D400}.Debug|x86.Build.0 = Debug|Win32
		{6E98EA7C-ECA3-4A01-A08E-A00FB559D400}.Release|x64.ActiveCfg = Release|x64
		{6E98EA7C-ECA3-4A01-A08E-A00FB559D400}.Release|x64.Build.0 = Release|x64
		{6E98EA7C-ECA3-4A01-A08E-A00FB559D400}.Release|x86.ActiveCfg = Release|Win32
		{6E98EA7C-ECA3-4A01-A08E-A00FB559D400}.Release|x86.Build.0 = Release|Win32
		{FE4EDB1E-34F4-46A4-B2FF-2E2FCA0596CC}.Debug|x64.ActiveCfg = Debug|x64
		{FE4EDB1E-34F4-46A4-B2FF-2E2FCA0596CC}.Debug|x64.Build.0 = Debug|x64
		{FE4EDB1E-34F4-46A4-B2FF-2E2FCA0596CC}.Debug|x86.ActiveCfg = Debug|Win32
		{FE4EDB1E-34F4-46A4-B2FF-2E2FCA0596CC}.Debug|x86.Build.0 = Debug|Win32
		{FE4EDB1E-34F4-46A4-B2FF-2E2FCA0596CC}.Release|x64.ActiveCfg = Release|x64
		{FE4EDB1E-34F4-46A4-B2FF-2E2FCA0596CC}.Release|x64.Build.0 = Release|x64
		{FE4EDB1E-34F4-46A4-B2FF-2E2FCA0596CC}.Release|x86.ActiveCfg = Release|Win32
		{FE4EDB1E-34F4-46A4-B2FF-2E2FCA0596CC}.Release|x86.Build.0 = Release|Win32
	EndGlobalSection
	GlobalSection(SolutionProperties) = preSolution
		HideSolutionNode = FALSE
	EndGlobalSection
	GlobalSection(ExtensibilityGlobals) = postSolution
		SolutionGuid = {02BC45F4-6210-4283-A94A-5E13D4E15393}
	EndGlobalSection
EndGlobal
